
Microsoft Visual Studio Solution File, Format Version 12.00
# Visual Studio 15
VisualStudioVersion = 15.0.27130.2003
MinimumVisualStudioVersion = 10.0.40219.1
Project("{2150E333-8FDC-42A3-9474-1A3956D46DE8}") = "Nuget", "Nuget", "{4293AE56-4BA6-472F-A56E-DEF2DBB2D62E}"
	ProjectSection(SolutionItems) = preProject
		Nuget\NuGet.exe = Nuget\NuGet.exe
		Nuget\pack.cmd = Nuget\pack.cmd
		Nuget\push.cmd = Nuget\push.cmd
		Nuget\WinRTXamlToolkit.Controls.Calendar.nuspec = Nuget\WinRTXamlToolkit.Controls.Calendar.nuspec
		Nuget\WinRTXamlToolkit.Controls.Calendar.UWP.nuspec = Nuget\WinRTXamlToolkit.Controls.Calendar.UWP.nuspec
		Nuget\WinRTXamlToolkit.Controls.DataVisualization.nuspec = Nuget\WinRTXamlToolkit.Controls.DataVisualization.nuspec
		Nuget\WinRTXamlToolkit.Controls.DataVisualization.UWP.nuspec = Nuget\WinRTXamlToolkit.Controls.DataVisualization.UWP.nuspec
		Nuget\WinRTXamlToolkit.Controls.Gauge.nuspec = Nuget\WinRTXamlToolkit.Controls.Gauge.nuspec
		Nuget\WinRTXamlToolkit.Controls.Gauge.UWP.nuspec = Nuget\WinRTXamlToolkit.Controls.Gauge.UWP.nuspec
		Nuget\WinRTXamlToolkit.Debugging.nuspec = Nuget\WinRTXamlToolkit.Debugging.nuspec
		Nuget\WinRTXamlToolkit.Debugging.UWP.nuspec = Nuget\WinRTXamlToolkit.Debugging.UWP.nuspec
		Nuget\WinRTXamlToolkit.nuspec = Nuget\WinRTXamlToolkit.nuspec
		Nuget\WinRTXamlToolkit.UWP.nuspec = Nuget\WinRTXamlToolkit.UWP.nuspec
	EndProjectSection
EndProject
Project("{2150E333-8FDC-42A3-9474-1A3956D46DE8}") = "ExtensionsSDK", "ExtensionsSDK", "{206675AA-78BD-4D8B-82B9-276067AF2832}"
	ProjectSection(SolutionItems) = preProject
		ExtensionsSDK\SDKManifest.xml = ExtensionsSDK\SDKManifest.xml
	EndProjectSection
EndProject
Project("{2150E333-8FDC-42A3-9474-1A3956D46DE8}") = "Documents", "Documents", "{C9D59FB1-F56B-41A3-9719-81E207BC6A5F}"
	ProjectSection(SolutionItems) = preProject
		Documents\CodePlexLogo.png = Documents\CodePlexLogo.png
	EndProjectSection
EndProject
Project("{2150E333-8FDC-42A3-9474-1A3956D46DE8}") = "Solution Items", "Solution Items", "{244C3E83-F7A8-4ADB-86C0-8704F78BD146}"
	ProjectSection(SolutionItems) = preProject
		.gitignore = .gitignore
		License.md = License.md
		ReadMe.md = ReadMe.md
		ReadMe.txt = ReadMe.txt
		Solution Items\WinRTXamlToolkit.common.targets = Solution Items\WinRTXamlToolkit.common.targets
	EndProjectSection
EndProject
Project("{2150E333-8FDC-42A3-9474-1A3956D46DE8}") = "WinRTXamlToolkit.OldPhoneXamls", "WinRTXamlToolkit.OldPhoneXamls", "{FD6E380E-F40C-4EE6-BAC1-499CF97C7CBA}"
	ProjectSection(SolutionItems) = preProject
		WinRTXamlToolkit.OldPhoneXamls\CustomGridSplitter.xaml = WinRTXamlToolkit.OldPhoneXamls\CustomGridSplitter.xaml
		WinRTXamlToolkit.OldPhoneXamls\NumericUpDown.xaml = WinRTXamlToolkit.OldPhoneXamls\NumericUpDown.xaml
		WinRTXamlToolkit.OldPhoneXamls\ToolWindow.xaml = WinRTXamlToolkit.OldPhoneXamls\ToolWindow.xaml
		WinRTXamlToolkit.OldPhoneXamls\TreeView.xaml = WinRTXamlToolkit.OldPhoneXamls\TreeView.xaml
		WinRTXamlToolkit.OldPhoneXamls\TreeViewItem.xaml = WinRTXamlToolkit.OldPhoneXamls\TreeViewItem.xaml
	EndProjectSection
EndProject
Project("{FAE04EC0-301F-11D3-BF4B-00C04F79EFBC}") = "WinRTXamlToolkit", "WinRTXamlToolkit\WinRTXamlToolkit.csproj", "{FFB67E2D-F098-48D9-8BF6-B4355C18CD80}"
EndProject
Project("{FAE04EC0-301F-11D3-BF4B-00C04F79EFBC}") = "WinRTXamlToolkit.Controls.DataVisualization", "WinRTXamlToolkit.Controls.DataVisualization\WinRTXamlToolkit.Controls.DataVisualization.csproj", "{219F8BB2-33C0-4BCA-823A-5B8721BDE47C}"
EndProject
Project("{FAE04EC0-301F-11D3-BF4B-00C04F79EFBC}") = "WinRTXamlToolkit.Controls.Calendar", "WinRTXamlToolkit.Controls.Calendar\WinRTXamlToolkit.Controls.Calendar.csproj", "{8945745B-255B-469F-8ACA-A47991C5CDE5}"
EndProject
Project("{FAE04EC0-301F-11D3-BF4B-00C04F79EFBC}") = "WinRTXamlToolkit.Sample", "WinRTXamlToolkit.Sample\WinRTXamlToolkit.Sample.csproj", "{0B68993D-22D0-4F2F-9F59-8C5AE013F238}"
EndProject
Project("{FAE04EC0-301F-11D3-BF4B-00C04F79EFBC}") = "WinRTXamlToolkit.Controls.Gauge", "WinRTXamlToolkit.Controls.Gauge\WinRTXamlToolkit.Controls.Gauge.csproj", "{F627EFA3-656F-45A0-9F1F-2F63F80DF7AA}"
EndProject
Project("{FAE04EC0-301F-11D3-BF4B-00C04F79EFBC}") = "WinRTXamlToolkit.Debugging", "WinRTXamlToolkit.Debugging\WinRTXamlToolkit.Debugging.csproj", "{3C6B8275-5A06-4132-8028-C2ACBA41C33C}"
EndProject
Project("{FAE04EC0-301F-11D3-BF4B-00C04F79EFBC}") = "WinRTXamlToolkit.UnitTests", "WinRTXamlToolkit.UnitTests\WinRTXamlToolkit.UnitTests.csproj", "{1520057B-8081-44DD-9F8E-B5191CB40996}"
EndProject
Project("{2150E333-8FDC-42A3-9474-1A3956D46DE8}") = "WinRTXamlToolkit.Sample.WP_8.1_Files", "WinRTXamlToolkit.Sample.WP_8.1_Files", "{EB80CED0-BA14-4570-AE60-0EA5AC87C40C}"
	ProjectSection(SolutionItems) = preProject
		WinRTXamlToolkit.Sample.WP_8.1_Files\App.xaml = WinRTXamlToolkit.Sample.WP_8.1_Files\App.xaml
		WinRTXamlToolkit.Sample.WP_8.1_Files\App.xaml.cs = WinRTXamlToolkit.Sample.WP_8.1_Files\App.xaml.cs
		WinRTXamlToolkit.Sample.WP_8.1_Files\AppShell.xaml = WinRTXamlToolkit.Sample.WP_8.1_Files\AppShell.xaml
		WinRTXamlToolkit.Sample.WP_8.1_Files\AppShell.xaml.cs = WinRTXamlToolkit.Sample.WP_8.1_Files\AppShell.xaml.cs
		WinRTXamlToolkit.Sample.WP_8.1_Files\CalendarTestView.xaml = WinRTXamlToolkit.Sample.WP_8.1_Files\CalendarTestView.xaml
		WinRTXamlToolkit.Sample.WP_8.1_Files\CalendarTestView.xaml.cs = WinRTXamlToolkit.Sample.WP_8.1_Files\CalendarTestView.xaml.cs
		WinRTXamlToolkit.Sample.WP_8.1_Files\CameraCaptureControlTestView.xaml = WinRTXamlToolkit.Sample.WP_8.1_Files\CameraCaptureControlTestView.xaml
		WinRTXamlToolkit.Sample.WP_8.1_Files\CameraCaptureControlTestView.xaml.cs = WinRTXamlToolkit.Sample.WP_8.1_Files\CameraCaptureControlTestView.xaml.cs
		WinRTXamlToolkit.Sample.WP_8.1_Files\ChartTestView.xaml = WinRTXamlToolkit.Sample.WP_8.1_Files\ChartTestView.xaml
		WinRTXamlToolkit.Sample.WP_8.1_Files\ChartTestView.xaml.cs = WinRTXamlToolkit.Sample.WP_8.1_Files\ChartTestView.xaml.cs
		WinRTXamlToolkit.Sample.WP_8.1_Files\InputDialogTestView.xaml = WinRTXamlToolkit.Sample.WP_8.1_Files\InputDialogTestView.xaml
		WinRTXamlToolkit.Sample.WP_8.1_Files\InputDialogTestView.xaml.cs = WinRTXamlToolkit.Sample.WP_8.1_Files\InputDialogTestView.xaml.cs
		WinRTXamlToolkit.Sample.WP_8.1_Files\MainPage.xaml = WinRTXamlToolkit.Sample.WP_8.1_Files\MainPage.xaml
		WinRTXamlToolkit.Sample.WP_8.1_Files\MainPage.xaml.cs = WinRTXamlToolkit.Sample.WP_8.1_Files\MainPage.xaml.cs
		WinRTXamlToolkit.Sample.WP_8.1_Files\NumericUpDownTestView.xaml = WinRTXamlToolkit.Sample.WP_8.1_Files\NumericUpDownTestView.xaml
		WinRTXamlToolkit.Sample.WP_8.1_Files\NumericUpDownTestView.xaml.cs = WinRTXamlToolkit.Sample.WP_8.1_Files\NumericUpDownTestView.xaml.cs
		WinRTXamlToolkit.Sample.WP_8.1_Files\TestPage.xaml = WinRTXamlToolkit.Sample.WP_8.1_Files\TestPage.xaml
		WinRTXamlToolkit.Sample.WP_8.1_Files\TestPage.xaml.cs = WinRTXamlToolkit.Sample.WP_8.1_Files\TestPage.xaml.cs
		WinRTXamlToolkit.Sample.WP_8.1_Files\TextBoxFocusExtensionsTestView.xaml = WinRTXamlToolkit.Sample.WP_8.1_Files\TextBoxFocusExtensionsTestView.xaml
		WinRTXamlToolkit.Sample.WP_8.1_Files\TextBoxFocusExtensionsTestView.xaml.cs = WinRTXamlToolkit.Sample.WP_8.1_Files\TextBoxFocusExtensionsTestView.xaml.cs
		WinRTXamlToolkit.Sample.WP_8.1_Files\TreeViewTestView.xaml = WinRTXamlToolkit.Sample.WP_8.1_Files\TreeViewTestView.xaml
		WinRTXamlToolkit.Sample.WP_8.1_Files\TreeViewTestView.xaml.cs = WinRTXamlToolkit.Sample.WP_8.1_Files\TreeViewTestView.xaml.cs
	EndProjectSection
EndProject
Project("{FAE04EC0-301F-11D3-BF4B-00C04F79EFBC}") = "WinRTXamlToolkit.Debugging.WinRTProxy", "WinRTXamlToolkit.Debugging.WinRTProxy\WinRTXamlToolkit.Debugging.WinRTProxy.csproj", "{3FD6D26C-6CFF-4D9A-A42D-0A043B80B2D0}"
EndProject
Global
	GlobalSection(SolutionConfigurationPlatforms) = preSolution
		Debug|Any CPU = Debug|Any CPU
		Debug|ARM = Debug|ARM
		Debug|x64 = Debug|x64
		Debug|x86 = Debug|x86
		Release|Any CPU = Release|Any CPU
		Release|ARM = Release|ARM
		Release|x64 = Release|x64
		Release|x86 = Release|x86
	EndGlobalSection
	GlobalSection(ProjectConfigurationPlatforms) = postSolution
		{FFB67E2D-F098-48D9-8BF6-B4355C18CD80}.Debug|Any CPU.ActiveCfg = Debug|x86
		{FFB67E2D-F098-48D9-8BF6-B4355C18CD80}.Debug|Any CPU.Build.0 = Debug|x86
		{FFB67E2D-F098-48D9-8BF6-B4355C18CD80}.Debug|ARM.ActiveCfg = Debug|ARM
		{FFB67E2D-F098-48D9-8BF6-B4355C18CD80}.Debug|ARM.Build.0 = Debug|ARM
		{FFB67E2D-F098-48D9-8BF6-B4355C18CD80}.Debug|x64.ActiveCfg = Debug|x64
		{FFB67E2D-F098-48D9-8BF6-B4355C18CD80}.Debug|x64.Build.0 = Debug|x64
		{FFB67E2D-F098-48D9-8BF6-B4355C18CD80}.Debug|x86.ActiveCfg = Debug|x86
		{FFB67E2D-F098-48D9-8BF6-B4355C18CD80}.Debug|x86.Build.0 = Debug|x86
		{FFB67E2D-F098-48D9-8BF6-B4355C18CD80}.Release|Any CPU.ActiveCfg = Release|x86
		{FFB67E2D-F098-48D9-8BF6-B4355C18CD80}.Release|Any CPU.Build.0 = Release|Any CPU
		{FFB67E2D-F098-48D9-8BF6-B4355C18CD80}.Release|ARM.ActiveCfg = Release|ARM
		{FFB67E2D-F098-48D9-8BF6-B4355C18CD80}.Release|ARM.Build.0 = Release|ARM
		{FFB67E2D-F098-48D9-8BF6-B4355C18CD80}.Release|x64.ActiveCfg = Release|x64
		{FFB67E2D-F098-48D9-8BF6-B4355C18CD80}.Release|x64.Build.0 = Release|x64
		{FFB67E2D-F098-48D9-8BF6-B4355C18CD80}.Release|x86.ActiveCfg = Release|x86
		{FFB67E2D-F098-48D9-8BF6-B4355C18CD80}.Release|x86.Build.0 = Release|x86
		{219F8BB2-33C0-4BCA-823A-5B8721BDE47C}.Debug|Any CPU.ActiveCfg = Debug|x86
		{219F8BB2-33C0-4BCA-823A-5B8721BDE47C}.Debug|Any CPU.Build.0 = Debug|x86
		{219F8BB2-33C0-4BCA-823A-5B8721BDE47C}.Debug|ARM.ActiveCfg = Debug|ARM
		{219F8BB2-33C0-4BCA-823A-5B8721BDE47C}.Debug|ARM.Build.0 = Debug|ARM
		{219F8BB2-33C0-4BCA-823A-5B8721BDE47C}.Debug|x64.ActiveCfg = Debug|x64
		{219F8BB2-33C0-4BCA-823A-5B8721BDE47C}.Debug|x64.Build.0 = Debug|x64
		{219F8BB2-33C0-4BCA-823A-5B8721BDE47C}.Debug|x86.ActiveCfg = Debug|x86
		{219F8BB2-33C0-4BCA-823A-5B8721BDE47C}.Debug|x86.Build.0 = Debug|x86
		{219F8BB2-33C0-4BCA-823A-5B8721BDE47C}.Release|Any CPU.ActiveCfg = Release|x86
		{219F8BB2-33C0-4BCA-823A-5B8721BDE47C}.Release|Any CPU.Build.0 = Release|Any CPU
		{219F8BB2-33C0-4BCA-823A-5B8721BDE47C}.Release|ARM.ActiveCfg = Release|ARM
		{219F8BB2-33C0-4BCA-823A-5B8721BDE47C}.Release|ARM.Build.0 = Release|ARM
		{219F8BB2-33C0-4BCA-823A-5B8721BDE47C}.Release|x64.ActiveCfg = Release|x64
		{219F8BB2-33C0-4BCA-823A-5B8721BDE47C}.Release|x64.Build.0 = Release|x64
		{219F8BB2-33C0-4BCA-823A-5B8721BDE47C}.Release|x86.ActiveCfg = Release|x86
		{219F8BB2-33C0-4BCA-823A-5B8721BDE47C}.Release|x86.Build.0 = Release|x86
		{8945745B-255B-469F-8ACA-A47991C5CDE5}.Debug|Any CPU.ActiveCfg = Debug|x86
		{8945745B-255B-469F-8ACA-A47991C5CDE5}.Debug|Any CPU.Build.0 = Debug|x86
		{8945745B-255B-469F-8ACA-A47991C5CDE5}.Debug|ARM.ActiveCfg = Debug|ARM
		{8945745B-255B-469F-8ACA-A47991C5CDE5}.Debug|ARM.Build.0 = Debug|ARM
		{8945745B-255B-469F-8ACA-A47991C5CDE5}.Debug|x64.ActiveCfg = Debug|x64
		{8945745B-255B-469F-8ACA-A47991C5CDE5}.Debug|x64.Build.0 = Debug|x64
		{8945745B-255B-469F-8ACA-A47991C5CDE5}.Debug|x86.ActiveCfg = Debug|x86
		{8945745B-255B-469F-8ACA-A47991C5CDE5}.Debug|x86.Build.0 = Debug|x86
		{8945745B-255B-469F-8ACA-A47991C5CDE5}.Release|Any CPU.ActiveCfg = Release|x86
		{8945745B-255B-469F-8ACA-A47991C5CDE5}.Release|Any CPU.Build.0 = Release|Any CPU
		{8945745B-255B-469F-8ACA-A47991C5CDE5}.Release|ARM.ActiveCfg = Release|ARM
		{8945745B-255B-469F-8ACA-A47991C5CDE5}.Release|ARM.Build.0 = Release|ARM
		{8945745B-255B-469F-8ACA-A47991C5CDE5}.Release|x64.ActiveCfg = Release|x64
		{8945745B-255B-469F-8ACA-A47991C5CDE5}.Release|x64.Build.0 = Release|x64
		{8945745B-255B-469F-8ACA-A47991C5CDE5}.Release|x86.ActiveCfg = Release|x86
		{8945745B-255B-469F-8ACA-A47991C5CDE5}.Release|x86.Build.0 = Release|x86
		{0B68993D-22D0-4F2F-9F59-8C5AE013F238}.Debug|Any CPU.ActiveCfg = Debug|x86
		{0B68993D-22D0-4F2F-9F59-8C5AE013F238}.Debug|Any CPU.Build.0 = Debug|x86
		{0B68993D-22D0-4F2F-9F59-8C5AE013F238}.Debug|Any CPU.Deploy.0 = Debug|x86
		{0B68993D-22D0-4F2F-9F59-8C5AE013F238}.Debug|ARM.ActiveCfg = Debug|ARM
		{0B68993D-22D0-4F2F-9F59-8C5AE013F238}.Debug|ARM.Build.0 = Debug|ARM
		{0B68993D-22D0-4F2F-9F59-8C5AE013F238}.Debug|ARM.Deploy.0 = Debug|ARM
		{0B68993D-22D0-4F2F-9F59-8C5AE013F238}.Debug|x64.ActiveCfg = Debug|x64
		{0B68993D-22D0-4F2F-9F59-8C5AE013F238}.Debug|x64.Build.0 = Debug|x64
		{0B68993D-22D0-4F2F-9F59-8C5AE013F238}.Debug|x64.Deploy.0 = Debug|x64
		{0B68993D-22D0-4F2F-9F59-8C5AE013F238}.Debug|x86.ActiveCfg = Debug|x86
		{0B68993D-22D0-4F2F-9F59-8C5AE013F238}.Debug|x86.Build.0 = Debug|x86
		{0B68993D-22D0-4F2F-9F59-8C5AE013F238}.Debug|x86.Deploy.0 = Debug|x86
		{0B68993D-22D0-4F2F-9F59-8C5AE013F238}.Release|Any CPU.ActiveCfg = Release|x86
		{0B68993D-22D0-4F2F-9F59-8C5AE013F238}.Release|Any CPU.Build.0 = Release|Any CPU
		{0B68993D-22D0-4F2F-9F59-8C5AE013F238}.Release|Any CPU.Deploy.0 = Release|Any CPU
		{0B68993D-22D0-4F2F-9F59-8C5AE013F238}.Release|ARM.ActiveCfg = Release|ARM
		{0B68993D-22D0-4F2F-9F59-8C5AE013F238}.Release|ARM.Build.0 = Release|ARM
		{0B68993D-22D0-4F2F-9F59-8C5AE013F238}.Release|ARM.Deploy.0 = Release|ARM
		{0B68993D-22D0-4F2F-9F59-8C5AE013F238}.Release|x64.ActiveCfg = Release|x64
		{0B68993D-22D0-4F2F-9F59-8C5AE013F238}.Release|x64.Build.0 = Release|x64
		{0B68993D-22D0-4F2F-9F59-8C5AE013F238}.Release|x64.Deploy.0 = Release|x64
		{0B68993D-22D0-4F2F-9F59-8C5AE013F238}.Release|x86.ActiveCfg = Release|x86
		{0B68993D-22D0-4F2F-9F59-8C5AE013F238}.Release|x86.Build.0 = Release|x86
		{0B68993D-22D0-4F2F-9F59-8C5AE013F238}.Release|x86.Deploy.0 = Release|x86
		{F627EFA3-656F-45A0-9F1F-2F63F80DF7AA}.Debug|Any CPU.ActiveCfg = Debug|x86
		{F627EFA3-656F-45A0-9F1F-2F63F80DF7AA}.Debug|Any CPU.Build.0 = Debug|x86
		{F627EFA3-656F-45A0-9F1F-2F63F80DF7AA}.Debug|ARM.ActiveCfg = Debug|ARM
		{F627EFA3-656F-45A0-9F1F-2F63F80DF7AA}.Debug|ARM.Build.0 = Debug|ARM
		{F627EFA3-656F-45A0-9F1F-2F63F80DF7AA}.Debug|ARM.Deploy.0 = Debug|ARM
		{F627EFA3-656F-45A0-9F1F-2F63F80DF7AA}.Debug|x64.ActiveCfg = Debug|x64
		{F627EFA3-656F-45A0-9F1F-2F63F80DF7AA}.Debug|x64.Build.0 = Debug|x64
		{F627EFA3-656F-45A0-9F1F-2F63F80DF7AA}.Debug|x64.Deploy.0 = Debug|x64
		{F627EFA3-656F-45A0-9F1F-2F63F80DF7AA}.Debug|x86.ActiveCfg = Debug|x86
		{F627EFA3-656F-45A0-9F1F-2F63F80DF7AA}.Debug|x86.Build.0 = Debug|x86
		{F627EFA3-656F-45A0-9F1F-2F63F80DF7AA}.Debug|x86.Deploy.0 = Debug|x86
		{F627EFA3-656F-45A0-9F1F-2F63F80DF7AA}.Release|Any CPU.ActiveCfg = Release|x86
		{F627EFA3-656F-45A0-9F1F-2F63F80DF7AA}.Release|Any CPU.Build.0 = Release|Any CPU
		{F627EFA3-656F-45A0-9F1F-2F63F80DF7AA}.Release|ARM.ActiveCfg = Release|ARM
		{F627EFA3-656F-45A0-9F1F-2F63F80DF7AA}.Release|ARM.Build.0 = Release|ARM
		{F627EFA3-656F-45A0-9F1F-2F63F80DF7AA}.Release|ARM.Deploy.0 = Release|ARM
		{F627EFA3-656F-45A0-9F1F-2F63F80DF7AA}.Release|x64.ActiveCfg = Release|x64
		{F627EFA3-656F-45A0-9F1F-2F63F80DF7AA}.Release|x64.Build.0 = Release|x64
		{F627EFA3-656F-45A0-9F1F-2F63F80DF7AA}.Release|x64.Deploy.0 = Release|x64
		{F627EFA3-656F-45A0-9F1F-2F63F80DF7AA}.Release|x86.ActiveCfg = Release|x86
		{F627EFA3-656F-45A0-9F1F-2F63F80DF7AA}.Release|x86.Build.0 = Release|x86
		{F627EFA3-656F-45A0-9F1F-2F63F80DF7AA}.Release|x86.Deploy.0 = Release|x86
		{3C6B8275-5A06-4132-8028-C2ACBA41C33C}.Debug|Any CPU.ActiveCfg = Debug|x86
		{3C6B8275-5A06-4132-8028-C2ACBA41C33C}.Debug|Any CPU.Build.0 = Debug|x86
		{3C6B8275-5A06-4132-8028-C2ACBA41C33C}.Debug|ARM.ActiveCfg = Debug|ARM
		{3C6B8275-5A06-4132-8028-C2ACBA41C33C}.Debug|ARM.Build.0 = Debug|ARM
		{3C6B8275-5A06-4132-8028-C2ACBA41C33C}.Debug|x64.ActiveCfg = Debug|x64
		{3C6B8275-5A06-4132-8028-C2ACBA41C33C}.Debug|x64.Build.0 = Debug|x64
		{3C6B8275-5A06-4132-8028-C2ACBA41C33C}.Debug|x86.ActiveCfg = Debug|x86
		{3C6B8275-5A06-4132-8028-C2ACBA41C33C}.Debug|x86.Build.0 = Debug|x86
		{3C6B8275-5A06-4132-8028-C2ACBA41C33C}.Release|Any CPU.ActiveCfg = Release|x86
		{3C6B8275-5A06-4132-8028-C2ACBA41C33C}.Release|Any CPU.Build.0 = Release|Any CPU
		{3C6B8275-5A06-4132-8028-C2ACBA41C33C}.Release|ARM.ActiveCfg = Release|ARM
		{3C6B8275-5A06-4132-8028-C2ACBA41C33C}.Release|ARM.Build.0 = Release|ARM
		{3C6B8275-5A06-4132-8028-C2ACBA41C33C}.Release|x64.ActiveCfg = Release|x64
		{3C6B8275-5A06-4132-8028-C2ACBA41C33C}.Release|x64.Build.0 = Release|x64
		{3C6B8275-5A06-4132-8028-C2ACBA41C33C}.Release|x86.ActiveCfg = Release|x86
		{3C6B8275-5A06-4132-8028-C2ACBA41C33C}.Release|x86.Build.0 = Release|x86
		{1520057B-8081-44DD-9F8E-B5191CB40996}.Debug|Any CPU.ActiveCfg = Debug|x86
		{1520057B-8081-44DD-9F8E-B5191CB40996}.Debug|Any CPU.Build.0 = Debug|x86
		{1520057B-8081-44DD-9F8E-B5191CB40996}.Debug|ARM.ActiveCfg = Debug|ARM
		{1520057B-8081-44DD-9F8E-B5191CB40996}.Debug|ARM.Build.0 = Debug|ARM
		{1520057B-8081-44DD-9F8E-B5191CB40996}.Debug|ARM.Deploy.0 = Debug|ARM
		{1520057B-8081-44DD-9F8E-B5191CB40996}.Debug|x64.ActiveCfg = Debug|x64
		{1520057B-8081-44DD-9F8E-B5191CB40996}.Debug|x64.Build.0 = Debug|x64
		{1520057B-8081-44DD-9F8E-B5191CB40996}.Debug|x64.Deploy.0 = Debug|x64
		{1520057B-8081-44DD-9F8E-B5191CB40996}.Debug|x86.ActiveCfg = Debug|x86
		{1520057B-8081-44DD-9F8E-B5191CB40996}.Debug|x86.Build.0 = Debug|x86
		{1520057B-8081-44DD-9F8E-B5191CB40996}.Debug|x86.Deploy.0 = Debug|x86
		{1520057B-8081-44DD-9F8E-B5191CB40996}.Release|Any CPU.ActiveCfg = Release|x86
		{1520057B-8081-44DD-9F8E-B5191CB40996}.Release|Any CPU.Build.0 = Release|Any CPU
		{1520057B-8081-44DD-9F8E-B5191CB40996}.Release|Any CPU.Deploy.0 = Release|Any CPU
		{1520057B-8081-44DD-9F8E-B5191CB40996}.Release|ARM.ActiveCfg = Release|ARM
		{1520057B-8081-44DD-9F8E-B5191CB40996}.Release|ARM.Build.0 = Release|ARM
		{1520057B-8081-44DD-9F8E-B5191CB40996}.Release|ARM.Deploy.0 = Release|ARM
		{1520057B-8081-44DD-9F8E-B5191CB40996}.Release|x64.ActiveCfg = Release|x64
		{1520057B-8081-44DD-9F8E-B5191CB40996}.Release|x64.Build.0 = Release|x64
		{1520057B-8081-44DD-9F8E-B5191CB40996}.Release|x64.Deploy.0 = Release|x64
		{1520057B-8081-44DD-9F8E-B5191CB40996}.Release|x86.ActiveCfg = Release|x86
		{1520057B-8081-44DD-9F8E-B5191CB40996}.Release|x86.Build.0 = Release|x86
		{1520057B-8081-44DD-9F8E-B5191CB40996}.Release|x86.Deploy.0 = Release|x86
		{3FD6D26C-6CFF-4D9A-A42D-0A043B80B2D0}.Debug|Any CPU.ActiveCfg = Debug|Any CPU
		{3FD6D26C-6CFF-4D9A-A42D-0A043B80B2D0}.Debug|Any CPU.Build.0 = Debug|Any CPU
		{3FD6D26C-6CFF-4D9A-A42D-0A043B80B2D0}.Debug|ARM.ActiveCfg = Debug|ARM
		{3FD6D26C-6CFF-4D9A-A42D-0A043B80B2D0}.Debug|ARM.Build.0 = Debug|ARM
		{3FD6D26C-6CFF-4D9A-A42D-0A043B80B2D0}.Debug|x64.ActiveCfg = Debug|x64
		{3FD6D26C-6CFF-4D9A-A42D-0A043B80B2D0}.Debug|x64.Build.0 = Debug|x64
		{3FD6D26C-6CFF-4D9A-A42D-0A043B80B2D0}.Debug|x86.ActiveCfg = Debug|x86
		{3FD6D26C-6CFF-4D9A-A42D-0A043B80B2D0}.Debug|x86.Build.0 = Debug|x86
		{3FD6D26C-6CFF-4D9A-A42D-0A043B80B2D0}.Release|Any CPU.ActiveCfg = Release|Any CPU
		{3FD6D26C-6CFF-4D9A-A42D-0A043B80B2D0}.Release|Any CPU.Build.0 = Release|Any CPU
		{3FD6D26C-6CFF-4D9A-A42D-0A043B80B2D0}.Release|ARM.ActiveCfg = Release|ARM
		{3FD6D26C-6CFF-4D9A-A42D-0A043B80B2D0}.Release|ARM.Build.0 = Release|ARM
		{3FD6D26C-6CFF-4D9A-A42D-0A043B80B2D0}.Release|x64.ActiveCfg = Release|x64
		{3FD6D26C-6CFF-4D9A-A42D-0A043B80B2D0}.Release|x64.Build.0 = Release|x64
		{3FD6D26C-6CFF-4D9A-A42D-0A043B80B2D0}.Release|x86.ActiveCfg = Release|x86
		{3FD6D26C-6CFF-4D9A-A42D-0A043B80B2D0}.Release|x86.Build.0 = Release|x86
	EndGlobalSection
	GlobalSection(SolutionProperties) = preSolution
		HideSolutionNode = FALSE
	EndGlobalSection
	GlobalSection(ExtensibilityGlobals) = postSolution
		SolutionGuid = {81674A5A-670B-4243-9CE5-D5EEB04D2509}
	EndGlobalSection
EndGlobal
