
Microsoft Visual Studio Solution File, Format Version 12.00
# Visual Studio 2013
VisualStudioVersion = 12.0.30723.0
MinimumVisualStudioVersion = 10.0.40219.1
Project("{2150E333-8FDC-42A3-9474-1A3956D46DE8}") = "Nuget", "Nuget", "{4293AE56-4BA6-472F-A56E-DEF2DBB2D62E}"
	ProjectSection(SolutionItems) = preProject
		Nuget\NuGet.exe = Nuget\NuGet.exe
		Nuget\pack.cmd = Nuget\pack.cmd
		Nuget\push.cmd = Nuget\push.cmd
		Nuget\WinRTXamlToolkit.Controls.Calendar.Windows.nuspec = Nuget\WinRTXamlToolkit.Controls.Calendar.Windows.nuspec
		Nuget\WinRTXamlToolkit.Controls.Calendar.WindowsPhone.nuspec = Nuget\WinRTXamlToolkit.Controls.Calendar.WindowsPhone.nuspec
		Nuget\WinRTXamlToolkit.Controls.DataVisualization.Windows.nuspec = Nuget\WinRTXamlToolkit.Controls.DataVisualization.Windows.nuspec
		Nuget\WinRTXamlToolkit.Controls.DataVisualization.WindowsPhone.nuspec = Nuget\WinRTXamlToolkit.Controls.DataVisualization.WindowsPhone.nuspec
		Nuget\WinRTXamlToolkit.Controls.Gauge.Windows.nuspec = Nuget\WinRTXamlToolkit.Controls.Gauge.Windows.nuspec
		Nuget\WinRTXamlToolkit.Controls.Gauge.WindowsPhone.nuspec = Nuget\WinRTXamlToolkit.Controls.Gauge.WindowsPhone.nuspec
		Nuget\WinRTXamlToolkit.Debugging.Windows.nuspec = Nuget\WinRTXamlToolkit.Debugging.Windows.nuspec
		Nuget\WinRTXamlToolkit.Debugging.WindowsPhone.nuspec = Nuget\WinRTXamlToolkit.Debugging.WindowsPhone.nuspec
		Nuget\WinRTXamlToolkit.Debugging.WinRTProxy.Windows.nuspec = Nuget\WinRTXamlToolkit.Debugging.WinRTProxy.Windows.nuspec
		Nuget\WinRTXamlToolkit.Windows.nuspec = Nuget\WinRTXamlToolkit.Windows.nuspec
		Nuget\WinRTXamlToolkit.WindowsPhone.nuspec = Nuget\WinRTXamlToolkit.WindowsPhone.nuspec
	EndProjectSection
EndProject
Project("{2150E333-8FDC-42A3-9474-1A3956D46DE8}") = "ExtensionsSDK", "ExtensionsSDK", "{206675AA-78BD-4D8B-82B9-276067AF2832}"
	ProjectSection(SolutionItems) = preProject
		ExtensionsSDK\SDKManifest.xml = ExtensionsSDK\SDKManifest.xml
	EndProjectSection
EndProject
Project("{2150E333-8FDC-42A3-9474-1A3956D46DE8}") = "Documents", "Documents", "{C9D59FB1-F56B-41A3-9719-81E207BC6A5F}"
	ProjectSection(SolutionItems) = preProject
		Documents\CodePlexLogo.png = Documents\CodePlexLogo.png
		ReadMe.txt = ReadMe.txt
	EndProjectSection
EndProject
Project("{2150E333-8FDC-42A3-9474-1A3956D46DE8}") = "Solution Items", "Solution Items", "{244C3E83-F7A8-4ADB-86C0-8704F78BD146}"
	ProjectSection(SolutionItems) = preProject
		.gitignore = .gitignore
	EndProjectSection
EndProject
Project("{2150E333-8FDC-42A3-9474-1A3956D46DE8}") = "Tests", "Tests", "{70BD34AC-886D-426A-8636-A55DF9677CFB}"
EndProject
Project("{FAE04EC0-301F-11D3-BF4B-00C04F79EFBC}") = "WinRTXamlToolkit.UnitTests", "WinRTXamlToolkit.UnitTests\WinRTXamlToolkit.UnitTests.csproj", "{68DB31FE-BD80-4C12-82BA-0C04F0539595}"
EndProject
Project("{2150E333-8FDC-42A3-9474-1A3956D46DE8}") = "WinRTXamlToolkit", "WinRTXamlToolkit", "{FD6E380E-F40C-4EE6-BAC1-499CF97C7CBA}"
EndProject
Project("{D954291E-2A0B-460D-934E-DC6B0785DB48}") = "WinRTXamlToolkit.Shared", "WinRTXamlToolkit\WinRTXamlToolkit.Shared\WinRTXamlToolkit.Shared.shproj", "{952BD2B0-E12A-4BFC-BCE7-F4EE9F7461B6}"
EndProject
Project("{FAE04EC0-301F-11D3-BF4B-00C04F79EFBC}") = "WinRTXamlToolkit.WindowsPhone", "WinRTXamlToolkit\WinRTXamlToolkit.WindowsPhone\WinRTXamlToolkit.WindowsPhone.csproj", "{1AF78321-7D45-487B-BCFB-CE6B92389EB2}"
EndProject
Project("{FAE04EC0-301F-11D3-BF4B-00C04F79EFBC}") = "WinRTXamlToolkit.Windows", "WinRTXamlToolkit\WinRTXamlToolkit.Windows\WinRTXamlToolkit.Windows.csproj", "{7B7966BE-213F-4B84-867D-2A0CCF61245F}"
EndProject
Project("{2150E333-8FDC-42A3-9474-1A3956D46DE8}") = "WinRTXamlToolkit.Sample", "WinRTXamlToolkit.Sample", "{318DC32E-645E-4F27-8C09-33CB5F826855}"
EndProject
Project("{D954291E-2A0B-460D-934E-DC6B0785DB48}") = "WinRTXamlToolkit.Sample.Shared", "WinRTXamlToolkit.Sample\WinRTXamlToolkit.Sample.Shared\WinRTXamlToolkit.Sample.Shared.shproj", "{C8B0D4A2-3FA3-4EC8-8068-EB01863A16A6}"
EndProject
Project("{FAE04EC0-301F-11D3-BF4B-00C04F79EFBC}") = "WinRTXamlToolkit.Sample.Windows", "WinRTXamlToolkit.Sample\WinRTXamlToolkit.Sample.Windows\WinRTXamlToolkit.Sample.Windows.csproj", "{8F86D973-25D3-4104-A9E0-2B75D043A02F}"
EndProject
Project("{FAE04EC0-301F-11D3-BF4B-00C04F79EFBC}") = "WinRTXamlToolkit.Sample.WindowsPhone", "WinRTXamlToolkit.Sample\WinRTXamlToolkit.Sample.WindowsPhone\WinRTXamlToolkit.Sample.WindowsPhone.csproj", "{0611D4FE-5233-4B24-A83E-2D22E397BDB7}"
EndProject
Project("{2150E333-8FDC-42A3-9474-1A3956D46DE8}") = "WinRTXamlToolkit.Controls.Gauge", "WinRTXamlToolkit.Controls.Gauge", "{83ECC669-1DF7-4A8A-B93E-C47F386A7ACB}"
EndProject
Project("{D954291E-2A0B-460D-934E-DC6B0785DB48}") = "WinRTXamlToolkit.Controls.Gauge.Shared", "WinRTXamlToolkit.Controls.Gauge\WinRTXamlToolkit.Controls.Gauge.Shared\WinRTXamlToolkit.Controls.Gauge.Shared.shproj", "{51D34975-089B-460C-833C-6DBF516569D9}"
EndProject
Project("{FAE04EC0-301F-11D3-BF4B-00C04F79EFBC}") = "WinRTXamlToolkit.Controls.Gauge.Windows", "WinRTXamlToolkit.Controls.Gauge\WinRTXamlToolkit.Controls.Gauge.Windows\WinRTXamlToolkit.Controls.Gauge.Windows.csproj", "{CB70BDAF-7310-4AF4-9468-47EAAFC36919}"
EndProject
Project("{FAE04EC0-301F-11D3-BF4B-00C04F79EFBC}") = "WinRTXamlToolkit.Controls.Gauge.WindowsPhone", "WinRTXamlToolkit.Controls.Gauge\WinRTXamlToolkit.Controls.Gauge.WindowsPhone\WinRTXamlToolkit.Controls.Gauge.WindowsPhone.csproj", "{C9ABEC71-CF10-4FFC-B9B3-835F994753E8}"
EndProject
Project("{2150E333-8FDC-42A3-9474-1A3956D46DE8}") = "WinRTXamlToolkit.Controls.DataVisualization", "WinRTXamlToolkit.Controls.DataVisualization", "{3649F9B2-2576-404E-BE7E-7209EE78CAB2}"
EndProject
Project("{D954291E-2A0B-460D-934E-DC6B0785DB48}") = "WinRTXamlToolkit.Controls.DataVisualization.Shared", "WinRTXamlToolkit.Controls.DataVisualization\WinRTXamlToolkit.Controls.DataVisualization.Shared\WinRTXamlToolkit.Controls.DataVisualization.Shared.shproj", "{74EFD27D-416C-498D-8BC2-C6E2322F630A}"
EndProject
Project("{FAE04EC0-301F-11D3-BF4B-00C04F79EFBC}") = "WinRTXamlToolkit.Controls.DataVisualization.Windows", "WinRTXamlToolkit.Controls.DataVisualization\WinRTXamlToolkit.Controls.DataVisualization.Windows\WinRTXamlToolkit.Controls.DataVisualization.Windows.csproj", "{141F0D30-7788-4A47-A32C-D432B42B5CCB}"
EndProject
Project("{FAE04EC0-301F-11D3-BF4B-00C04F79EFBC}") = "WinRTXamlToolkit.Controls.DataVisualization.WindowsPhone", "WinRTXamlToolkit.Controls.DataVisualization\WinRTXamlToolkit.Controls.DataVisualization.WindowsPhone\WinRTXamlToolkit.Controls.DataVisualization.WindowsPhone.csproj", "{77B94F47-8D24-40D7-9113-BF052A0E9DEF}"
EndProject
Project("{2150E333-8FDC-42A3-9474-1A3956D46DE8}") = "WinRTXamlToolkit.Debugging", "WinRTXamlToolkit.Debugging", "{37273C87-D07B-4959-B39B-817355264FA8}"
EndProject
Project("{FAE04EC0-301F-11D3-BF4B-00C04F79EFBC}") = "WinRTXamlToolkit.Debugging.Windows", "WinRTXamlToolkit.Debugging\WinRTXamlToolkit.Debugging.Windows\WinRTXamlToolkit.Debugging.Windows.csproj", "{B5EA4B9D-3300-4023-8110-E085854398A7}"
EndProject
Project("{FAE04EC0-301F-11D3-BF4B-00C04F79EFBC}") = "WinRTXamlToolkit.Debugging.WindowsPhone", "WinRTXamlToolkit.Debugging\WinRTXamlToolkit.Debugging.WindowsPhone\WinRTXamlToolkit.Debugging.WindowsPhone.csproj", "{B7B93918-2BE1-46CE-B326-119305B51634}"
EndProject
Project("{D954291E-2A0B-460D-934E-DC6B0785DB48}") = "WinRTXamlToolkit.Debugging.Shared", "WinRTXamlToolkit.Debugging\WinRTXamlToolkit.Debugging.Shared\WinRTXamlToolkit.Debugging.Shared.shproj", "{04FC0302-9131-4985-B62E-9AD62C2255B7}"
EndProject
Project("{2150E333-8FDC-42A3-9474-1A3956D46DE8}") = "WinRTXamlToolkit.Controls.Calendar", "WinRTXamlToolkit.Controls.Calendar", "{14A7FAE9-3C36-4CB4-8F70-E1789B44BE9F}"
EndProject
Project("{FAE04EC0-301F-11D3-BF4B-00C04F79EFBC}") = "WinRTXamlToolkit.Controls.Calendar.Windows", "WinRTXamlToolkit.Controls.Calendar\WinRTXamlToolkit.Controls.Calendar.Windows\WinRTXamlToolkit.Controls.Calendar.Windows.csproj", "{D0B66203-5B50-4942-A864-C7550C6F23F6}"
EndProject
Project("{FAE04EC0-301F-11D3-BF4B-00C04F79EFBC}") = "WinRTXamlToolkit.Controls.Calendar.WindowsPhone", "WinRTXamlToolkit.Controls.Calendar\WinRTXamlToolkit.Controls.Calendar.WindowsPhone\WinRTXamlToolkit.Controls.Calendar.WindowsPhone.csproj", "{4A7C8C3F-19E3-47F2-9546-B5D849E9627A}"
EndProject
Project("{D954291E-2A0B-460D-934E-DC6B0785DB48}") = "WinRTXamlToolkit.Controls.Calendar.Shared", "WinRTXamlToolkit.Controls.Calendar\WinRTXamlToolkit.Controls.Calendar.Shared\WinRTXamlToolkit.Controls.Calendar.Shared.shproj", "{4F4D9541-0951-48F6-BD39-04156EF6F9FD}"
EndProject
Project("{FAE04EC0-301F-11D3-BF4B-00C04F79EFBC}") = "WinRTXamlToolkit.Debugging.WinRTProxy.Windows", "WinRTXamlToolkit.Debugging\WinRTXamlToolkit.Debugging.WinRTProxy.Windows\WinRTXamlToolkit.Debugging.WinRTProxy.Windows.csproj", "{5E7EBD80-9AE9-4847-9D84-672023289B33}"
EndProject
Project("{8BC9CEB8-8B4A-11D0-8D11-00A0C91BC942}") = "App1", "App1\App1.vcxproj", "{51BD9FF4-A974-4CAA-8474-56665CB2C3CE}"
EndProject
Global
	GlobalSection(SharedMSBuildProjectFiles) = preSolution
		WinRTXamlToolkit\WinRTXamlToolkit.Shared\WinRTXamlToolkit.Shared.projitems*{952bd2b0-e12a-4bfc-bce7-f4ee9f7461b6}*SharedItemsImports = 13
		WinRTXamlToolkit.Sample\WinRTXamlToolkit.Sample.Shared\WinRTXamlToolkit.Sample.Shared.projitems*{8f86d973-25d3-4104-a9e0-2b75d043a02f}*SharedItemsImports = 4
		WinRTXamlToolkit.Controls.Gauge\WinRTXamlToolkit.Controls.Gauge.Shared\WinRTXamlToolkit.Controls.Gauge.Shared.projitems*{c9abec71-cf10-4ffc-b9b3-835f994753e8}*SharedItemsImports = 4
		WinRTXamlToolkit.Debugging\WinRTXamlToolkit.Debugging.Shared\WinRTXamlToolkit.Debugging.Shared.projitems*{b7b93918-2be1-46ce-b326-119305b51634}*SharedItemsImports = 4
		WinRTXamlToolkit\WinRTXamlToolkit.Shared\WinRTXamlToolkit.Shared.projitems*{1af78321-7d45-487b-bcfb-ce6b92389eb2}*SharedItemsImports = 4
		WinRTXamlToolkit.Controls.DataVisualization\WinRTXamlToolkit.Controls.DataVisualization.Shared\WinRTXamlToolkit.Controls.DataVisualization.Shared.projitems*{141f0d30-7788-4a47-a32c-d432b42b5ccb}*SharedItemsImports = 4
		WinRTXamlToolkit.Controls.Calendar\WinRTXamlToolkit.Controls.Calendar.Shared\WinRTXamlToolkit.Controls.Calendar.Shared.projitems*{4a7c8c3f-19e3-47f2-9546-b5d849e9627a}*SharedItemsImports = 4
		WinRTXamlToolkit.Controls.DataVisualization\WinRTXamlToolkit.Controls.DataVisualization.Shared\WinRTXamlToolkit.Controls.DataVisualization.Shared.projitems*{74efd27d-416c-498d-8bc2-c6e2322f630a}*SharedItemsImports = 13
		WinRTXamlToolkit.Controls.Gauge\WinRTXamlToolkit.Controls.Gauge.Shared\WinRTXamlToolkit.Controls.Gauge.Shared.projitems*{cb70bdaf-7310-4af4-9468-47eaafc36919}*SharedItemsImports = 4
		WinRTXamlToolkit.Debugging\WinRTXamlToolkit.Debugging.Shared\WinRTXamlToolkit.Debugging.Shared.projitems*{04fc0302-9131-4985-b62e-9ad62c2255b7}*SharedItemsImports = 13
		WinRTXamlToolkit.Sample\WinRTXamlToolkit.Sample.Shared\WinRTXamlToolkit.Sample.Shared.projitems*{c8b0d4a2-3fa3-4ec8-8068-eb01863a16a6}*SharedItemsImports = 13
		WinRTXamlToolkit.Controls.Gauge\WinRTXamlToolkit.Controls.Gauge.Shared\WinRTXamlToolkit.Controls.Gauge.Shared.projitems*{51d34975-089b-460c-833c-6dbf516569d9}*SharedItemsImports = 13
		WinRTXamlToolkit.Controls.Calendar\WinRTXamlToolkit.Controls.Calendar.Shared\WinRTXamlToolkit.Controls.Calendar.Shared.projitems*{4f4d9541-0951-48f6-bd39-04156ef6f9fd}*SharedItemsImports = 13
		WinRTXamlToolkit.Controls.DataVisualization\WinRTXamlToolkit.Controls.DataVisualization.Shared\WinRTXamlToolkit.Controls.DataVisualization.Shared.projitems*{77b94f47-8d24-40d7-9113-bf052a0e9def}*SharedItemsImports = 4
		WinRTXamlToolkit.Controls.Calendar\WinRTXamlToolkit.Controls.Calendar.Shared\WinRTXamlToolkit.Controls.Calendar.Shared.projitems*{d0b66203-5b50-4942-a864-c7550c6f23f6}*SharedItemsImports = 4
		WinRTXamlToolkit.Debugging\WinRTXamlToolkit.Debugging.Shared\WinRTXamlToolkit.Debugging.Shared.projitems*{b5ea4b9d-3300-4023-8110-e085854398a7}*SharedItemsImports = 4
		WinRTXamlToolkit\WinRTXamlToolkit.Shared\WinRTXamlToolkit.Shared.projitems*{7b7966be-213f-4b84-867d-2a0ccf61245f}*SharedItemsImports = 4
		WinRTXamlToolkit.Sample\WinRTXamlToolkit.Sample.Shared\WinRTXamlToolkit.Sample.Shared.projitems*{0611d4fe-5233-4b24-a83e-2d22e397bdb7}*SharedItemsImports = 4
	EndGlobalSection
	GlobalSection(SolutionConfigurationPlatforms) = preSolution
		Debug|Any CPU = Debug|Any CPU
		Debug|ARM = Debug|ARM
		Debug|Mixed Platforms = Debug|Mixed Platforms
		Debug|Win32 = Debug|Win32
		Debug|x64 = Debug|x64
		Debug|x86 = Debug|x86
		Release|Any CPU = Release|Any CPU
		Release|ARM = Release|ARM
		Release|Mixed Platforms = Release|Mixed Platforms
		Release|Win32 = Release|Win32
		Release|x64 = Release|x64
		Release|x86 = Release|x86
	EndGlobalSection
	GlobalSection(ProjectConfigurationPlatforms) = postSolution
		{68DB31FE-BD80-4C12-82BA-0C04F0539595}.Debug|Any CPU.ActiveCfg = Debug|Any CPU
		{68DB31FE-BD80-4C12-82BA-0C04F0539595}.Debug|Any CPU.Build.0 = Debug|Any CPU
		{68DB31FE-BD80-4C12-82BA-0C04F0539595}.Debug|Any CPU.Deploy.0 = Debug|Any CPU
		{68DB31FE-BD80-4C12-82BA-0C04F0539595}.Debug|ARM.ActiveCfg = Debug|ARM
		{68DB31FE-BD80-4C12-82BA-0C04F0539595}.Debug|ARM.Build.0 = Debug|ARM
		{68DB31FE-BD80-4C12-82BA-0C04F0539595}.Debug|ARM.Deploy.0 = Debug|ARM
		{68DB31FE-BD80-4C12-82BA-0C04F0539595}.Debug|Mixed Platforms.ActiveCfg = Debug|x86
		{68DB31FE-BD80-4C12-82BA-0C04F0539595}.Debug|Mixed Platforms.Build.0 = Debug|x86
		{68DB31FE-BD80-4C12-82BA-0C04F0539595}.Debug|Mixed Platforms.Deploy.0 = Debug|x86
		{68DB31FE-BD80-4C12-82BA-0C04F0539595}.Debug|Win32.ActiveCfg = Debug|x86
		{68DB31FE-BD80-4C12-82BA-0C04F0539595}.Debug|Win32.Build.0 = Debug|x86
		{68DB31FE-BD80-4C12-82BA-0C04F0539595}.Debug|Win32.Deploy.0 = Debug|x86
		{68DB31FE-BD80-4C12-82BA-0C04F0539595}.Debug|x64.ActiveCfg = Debug|x64
		{68DB31FE-BD80-4C12-82BA-0C04F0539595}.Debug|x64.Build.0 = Debug|x64
		{68DB31FE-BD80-4C12-82BA-0C04F0539595}.Debug|x64.Deploy.0 = Debug|x64
		{68DB31FE-BD80-4C12-82BA-0C04F0539595}.Debug|x86.ActiveCfg = Debug|x86
		{68DB31FE-BD80-4C12-82BA-0C04F0539595}.Debug|x86.Build.0 = Debug|x86
		{68DB31FE-BD80-4C12-82BA-0C04F0539595}.Debug|x86.Deploy.0 = Debug|x86
		{68DB31FE-BD80-4C12-82BA-0C04F0539595}.Release|Any CPU.ActiveCfg = Release|Any CPU
		{68DB31FE-BD80-4C12-82BA-0C04F0539595}.Release|Any CPU.Build.0 = Release|Any CPU
		{68DB31FE-BD80-4C12-82BA-0C04F0539595}.Release|Any CPU.Deploy.0 = Release|Any CPU
		{68DB31FE-BD80-4C12-82BA-0C04F0539595}.Release|ARM.ActiveCfg = Release|ARM
		{68DB31FE-BD80-4C12-82BA-0C04F0539595}.Release|ARM.Build.0 = Release|ARM
		{68DB31FE-BD80-4C12-82BA-0C04F0539595}.Release|ARM.Deploy.0 = Release|ARM
		{68DB31FE-BD80-4C12-82BA-0C04F0539595}.Release|Mixed Platforms.ActiveCfg = Release|x86
		{68DB31FE-BD80-4C12-82BA-0C04F0539595}.Release|Mixed Platforms.Build.0 = Release|x86
		{68DB31FE-BD80-4C12-82BA-0C04F0539595}.Release|Mixed Platforms.Deploy.0 = Release|x86
		{68DB31FE-BD80-4C12-82BA-0C04F0539595}.Release|Win32.ActiveCfg = Release|x86
		{68DB31FE-BD80-4C12-82BA-0C04F0539595}.Release|Win32.Build.0 = Release|x86
		{68DB31FE-BD80-4C12-82BA-0C04F0539595}.Release|Win32.Deploy.0 = Release|x86
		{68DB31FE-BD80-4C12-82BA-0C04F0539595}.Release|x64.ActiveCfg = Release|x64
		{68DB31FE-BD80-4C12-82BA-0C04F0539595}.Release|x64.Build.0 = Release|x64
		{68DB31FE-BD80-4C12-82BA-0C04F0539595}.Release|x64.Deploy.0 = Release|x64
		{68DB31FE-BD80-4C12-82BA-0C04F0539595}.Release|x86.ActiveCfg = Release|x86
		{68DB31FE-BD80-4C12-82BA-0C04F0539595}.Release|x86.Build.0 = Release|x86
		{68DB31FE-BD80-4C12-82BA-0C04F0539595}.Release|x86.Deploy.0 = Release|x86
		{1AF78321-7D45-487B-BCFB-CE6B92389EB2}.Debug|Any CPU.ActiveCfg = Debug|Any CPU
		{1AF78321-7D45-487B-BCFB-CE6B92389EB2}.Debug|Any CPU.Build.0 = Debug|Any CPU
		{1AF78321-7D45-487B-BCFB-CE6B92389EB2}.Debug|ARM.ActiveCfg = Debug|ARM
		{1AF78321-7D45-487B-BCFB-CE6B92389EB2}.Debug|ARM.Build.0 = Debug|ARM
		{1AF78321-7D45-487B-BCFB-CE6B92389EB2}.Debug|Mixed Platforms.ActiveCfg = Debug|x86
		{1AF78321-7D45-487B-BCFB-CE6B92389EB2}.Debug|Mixed Platforms.Build.0 = Debug|x86
		{1AF78321-7D45-487B-BCFB-CE6B92389EB2}.Debug|Win32.ActiveCfg = Debug|x86
		{1AF78321-7D45-487B-BCFB-CE6B92389EB2}.Debug|Win32.Build.0 = Debug|x86
		{1AF78321-7D45-487B-BCFB-CE6B92389EB2}.Debug|x64.ActiveCfg = Debug|Any CPU
		{1AF78321-7D45-487B-BCFB-CE6B92389EB2}.Debug|x86.ActiveCfg = Debug|x86
		{1AF78321-7D45-487B-BCFB-CE6B92389EB2}.Debug|x86.Build.0 = Debug|x86
		{1AF78321-7D45-487B-BCFB-CE6B92389EB2}.Release|Any CPU.ActiveCfg = Release|Any CPU
		{1AF78321-7D45-487B-BCFB-CE6B92389EB2}.Release|Any CPU.Build.0 = Release|Any CPU
		{1AF78321-7D45-487B-BCFB-CE6B92389EB2}.Release|ARM.ActiveCfg = Release|ARM
		{1AF78321-7D45-487B-BCFB-CE6B92389EB2}.Release|ARM.Build.0 = Release|ARM
		{1AF78321-7D45-487B-BCFB-CE6B92389EB2}.Release|Mixed Platforms.ActiveCfg = Release|x86
		{1AF78321-7D45-487B-BCFB-CE6B92389EB2}.Release|Mixed Platforms.Build.0 = Release|x86
		{1AF78321-7D45-487B-BCFB-CE6B92389EB2}.Release|Win32.ActiveCfg = Release|x86
		{1AF78321-7D45-487B-BCFB-CE6B92389EB2}.Release|Win32.Build.0 = Release|x86
		{1AF78321-7D45-487B-BCFB-CE6B92389EB2}.Release|x64.ActiveCfg = Release|Any CPU
		{1AF78321-7D45-487B-BCFB-CE6B92389EB2}.Release|x86.ActiveCfg = Release|x86
		{1AF78321-7D45-487B-BCFB-CE6B92389EB2}.Release|x86.Build.0 = Release|x86
		{7B7966BE-213F-4B84-867D-2A0CCF61245F}.Debug|Any CPU.ActiveCfg = Debug|Any CPU
		{7B7966BE-213F-4B84-867D-2A0CCF61245F}.Debug|Any CPU.Build.0 = Debug|Any CPU
		{7B7966BE-213F-4B84-867D-2A0CCF61245F}.Debug|ARM.ActiveCfg = Debug|ARM
		{7B7966BE-213F-4B84-867D-2A0CCF61245F}.Debug|ARM.Build.0 = Debug|ARM
		{7B7966BE-213F-4B84-867D-2A0CCF61245F}.Debug|Mixed Platforms.ActiveCfg = Debug|x86
		{7B7966BE-213F-4B84-867D-2A0CCF61245F}.Debug|Mixed Platforms.Build.0 = Debug|x86
		{7B7966BE-213F-4B84-867D-2A0CCF61245F}.Debug|Win32.ActiveCfg = Debug|x86
		{7B7966BE-213F-4B84-867D-2A0CCF61245F}.Debug|Win32.Build.0 = Debug|x86
		{7B7966BE-213F-4B84-867D-2A0CCF61245F}.Debug|x64.ActiveCfg = Debug|x64
		{7B7966BE-213F-4B84-867D-2A0CCF61245F}.Debug|x64.Build.0 = Debug|x64
		{7B7966BE-213F-4B84-867D-2A0CCF61245F}.Debug|x86.ActiveCfg = Debug|x86
		{7B7966BE-213F-4B84-867D-2A0CCF61245F}.Debug|x86.Build.0 = Debug|x86
		{7B7966BE-213F-4B84-867D-2A0CCF61245F}.Release|Any CPU.ActiveCfg = Release|Any CPU
		{7B7966BE-213F-4B84-867D-2A0CCF61245F}.Release|Any CPU.Build.0 = Release|Any CPU
		{7B7966BE-213F-4B84-867D-2A0CCF61245F}.Release|ARM.ActiveCfg = Release|ARM
		{7B7966BE-213F-4B84-867D-2A0CCF61245F}.Release|ARM.Build.0 = Release|ARM
		{7B7966BE-213F-4B84-867D-2A0CCF61245F}.Release|Mixed Platforms.ActiveCfg = Release|x86
		{7B7966BE-213F-4B84-867D-2A0CCF61245F}.Release|Mixed Platforms.Build.0 = Release|x86
		{7B7966BE-213F-4B84-867D-2A0CCF61245F}.Release|Win32.ActiveCfg = Release|x86
		{7B7966BE-213F-4B84-867D-2A0CCF61245F}.Release|Win32.Build.0 = Release|x86
		{7B7966BE-213F-4B84-867D-2A0CCF61245F}.Release|x64.ActiveCfg = Release|x64
		{7B7966BE-213F-4B84-867D-2A0CCF61245F}.Release|x64.Build.0 = Release|x64
		{7B7966BE-213F-4B84-867D-2A0CCF61245F}.Release|x86.ActiveCfg = Release|x86
		{7B7966BE-213F-4B84-867D-2A0CCF61245F}.Release|x86.Build.0 = Release|x86
		{8F86D973-25D3-4104-A9E0-2B75D043A02F}.Debug|Any CPU.ActiveCfg = Debug|Any CPU
		{8F86D973-25D3-4104-A9E0-2B75D043A02F}.Debug|Any CPU.Build.0 = Debug|Any CPU
		{8F86D973-25D3-4104-A9E0-2B75D043A02F}.Debug|Any CPU.Deploy.0 = Debug|Any CPU
		{8F86D973-25D3-4104-A9E0-2B75D043A02F}.Debug|ARM.ActiveCfg = Debug|ARM
		{8F86D973-25D3-4104-A9E0-2B75D043A02F}.Debug|ARM.Build.0 = Debug|ARM
		{8F86D973-25D3-4104-A9E0-2B75D043A02F}.Debug|ARM.Deploy.0 = Debug|ARM
		{8F86D973-25D3-4104-A9E0-2B75D043A02F}.Debug|Mixed Platforms.ActiveCfg = Debug|x86
		{8F86D973-25D3-4104-A9E0-2B75D043A02F}.Debug|Mixed Platforms.Build.0 = Debug|x86
		{8F86D973-25D3-4104-A9E0-2B75D043A02F}.Debug|Mixed Platforms.Deploy.0 = Debug|x86
		{8F86D973-25D3-4104-A9E0-2B75D043A02F}.Debug|Win32.ActiveCfg = Debug|x86
		{8F86D973-25D3-4104-A9E0-2B75D043A02F}.Debug|Win32.Build.0 = Debug|x86
		{8F86D973-25D3-4104-A9E0-2B75D043A02F}.Debug|Win32.Deploy.0 = Debug|x86
		{8F86D973-25D3-4104-A9E0-2B75D043A02F}.Debug|x64.ActiveCfg = Debug|x64
		{8F86D973-25D3-4104-A9E0-2B75D043A02F}.Debug|x64.Build.0 = Debug|x64
		{8F86D973-25D3-4104-A9E0-2B75D043A02F}.Debug|x64.Deploy.0 = Debug|x64
		{8F86D973-25D3-4104-A9E0-2B75D043A02F}.Debug|x86.ActiveCfg = Debug|x86
		{8F86D973-25D3-4104-A9E0-2B75D043A02F}.Debug|x86.Build.0 = Debug|x86
		{8F86D973-25D3-4104-A9E0-2B75D043A02F}.Debug|x86.Deploy.0 = Debug|x86
		{8F86D973-25D3-4104-A9E0-2B75D043A02F}.Release|Any CPU.ActiveCfg = Release|Any CPU
		{8F86D973-25D3-4104-A9E0-2B75D043A02F}.Release|Any CPU.Build.0 = Release|Any CPU
		{8F86D973-25D3-4104-A9E0-2B75D043A02F}.Release|Any CPU.Deploy.0 = Release|Any CPU
		{8F86D973-25D3-4104-A9E0-2B75D043A02F}.Release|ARM.ActiveCfg = Release|ARM
		{8F86D973-25D3-4104-A9E0-2B75D043A02F}.Release|ARM.Build.0 = Release|ARM
		{8F86D973-25D3-4104-A9E0-2B75D043A02F}.Release|ARM.Deploy.0 = Release|ARM
		{8F86D973-25D3-4104-A9E0-2B75D043A02F}.Release|Mixed Platforms.ActiveCfg = Release|x86
		{8F86D973-25D3-4104-A9E0-2B75D043A02F}.Release|Mixed Platforms.Build.0 = Release|x86
		{8F86D973-25D3-4104-A9E0-2B75D043A02F}.Release|Mixed Platforms.Deploy.0 = Release|x86
		{8F86D973-25D3-4104-A9E0-2B75D043A02F}.Release|Win32.ActiveCfg = Release|x86
		{8F86D973-25D3-4104-A9E0-2B75D043A02F}.Release|Win32.Build.0 = Release|x86
		{8F86D973-25D3-4104-A9E0-2B75D043A02F}.Release|Win32.Deploy.0 = Release|x86
		{8F86D973-25D3-4104-A9E0-2B75D043A02F}.Release|x64.ActiveCfg = Release|x64
		{8F86D973-25D3-4104-A9E0-2B75D043A02F}.Release|x64.Build.0 = Release|x64
		{8F86D973-25D3-4104-A9E0-2B75D043A02F}.Release|x64.Deploy.0 = Release|x64
		{8F86D973-25D3-4104-A9E0-2B75D043A02F}.Release|x86.ActiveCfg = Release|x86
		{8F86D973-25D3-4104-A9E0-2B75D043A02F}.Release|x86.Build.0 = Release|x86
		{8F86D973-25D3-4104-A9E0-2B75D043A02F}.Release|x86.Deploy.0 = Release|x86
		{0611D4FE-5233-4B24-A83E-2D22E397BDB7}.Debug|Any CPU.ActiveCfg = Debug|Any CPU
		{0611D4FE-5233-4B24-A83E-2D22E397BDB7}.Debug|Any CPU.Build.0 = Debug|Any CPU
		{0611D4FE-5233-4B24-A83E-2D22E397BDB7}.Debug|Any CPU.Deploy.0 = Debug|Any CPU
		{0611D4FE-5233-4B24-A83E-2D22E397BDB7}.Debug|ARM.ActiveCfg = Debug|ARM
		{0611D4FE-5233-4B24-A83E-2D22E397BDB7}.Debug|ARM.Build.0 = Debug|ARM
		{0611D4FE-5233-4B24-A83E-2D22E397BDB7}.Debug|ARM.Deploy.0 = Debug|ARM
		{0611D4FE-5233-4B24-A83E-2D22E397BDB7}.Debug|Mixed Platforms.ActiveCfg = Debug|x86
		{0611D4FE-5233-4B24-A83E-2D22E397BDB7}.Debug|Mixed Platforms.Build.0 = Debug|x86
		{0611D4FE-5233-4B24-A83E-2D22E397BDB7}.Debug|Mixed Platforms.Deploy.0 = Debug|x86
		{0611D4FE-5233-4B24-A83E-2D22E397BDB7}.Debug|Win32.ActiveCfg = Debug|x86
		{0611D4FE-5233-4B24-A83E-2D22E397BDB7}.Debug|Win32.Build.0 = Debug|x86
		{0611D4FE-5233-4B24-A83E-2D22E397BDB7}.Debug|Win32.Deploy.0 = Debug|x86
		{0611D4FE-5233-4B24-A83E-2D22E397BDB7}.Debug|x64.ActiveCfg = Debug|Any CPU
		{0611D4FE-5233-4B24-A83E-2D22E397BDB7}.Debug|x86.ActiveCfg = Debug|x86
		{0611D4FE-5233-4B24-A83E-2D22E397BDB7}.Debug|x86.Build.0 = Debug|x86
		{0611D4FE-5233-4B24-A83E-2D22E397BDB7}.Debug|x86.Deploy.0 = Debug|x86
		{0611D4FE-5233-4B24-A83E-2D22E397BDB7}.Release|Any CPU.ActiveCfg = Release|Any CPU
		{0611D4FE-5233-4B24-A83E-2D22E397BDB7}.Release|Any CPU.Build.0 = Release|Any CPU
		{0611D4FE-5233-4B24-A83E-2D22E397BDB7}.Release|Any CPU.Deploy.0 = Release|Any CPU
		{0611D4FE-5233-4B24-A83E-2D22E397BDB7}.Release|ARM.ActiveCfg = Release|ARM
		{0611D4FE-5233-4B24-A83E-2D22E397BDB7}.Release|ARM.Build.0 = Release|ARM
		{0611D4FE-5233-4B24-A83E-2D22E397BDB7}.Release|ARM.Deploy.0 = Release|ARM
		{0611D4FE-5233-4B24-A83E-2D22E397BDB7}.Release|Mixed Platforms.ActiveCfg = Release|x86
		{0611D4FE-5233-4B24-A83E-2D22E397BDB7}.Release|Mixed Platforms.Build.0 = Release|x86
		{0611D4FE-5233-4B24-A83E-2D22E397BDB7}.Release|Mixed Platforms.Deploy.0 = Release|x86
		{0611D4FE-5233-4B24-A83E-2D22E397BDB7}.Release|Win32.ActiveCfg = Release|x86
		{0611D4FE-5233-4B24-A83E-2D22E397BDB7}.Release|Win32.Build.0 = Release|x86
		{0611D4FE-5233-4B24-A83E-2D22E397BDB7}.Release|Win32.Deploy.0 = Release|x86
		{0611D4FE-5233-4B24-A83E-2D22E397BDB7}.Release|x64.ActiveCfg = Release|Any CPU
		{0611D4FE-5233-4B24-A83E-2D22E397BDB7}.Release|x86.ActiveCfg = Release|x86
		{0611D4FE-5233-4B24-A83E-2D22E397BDB7}.Release|x86.Build.0 = Release|x86
		{0611D4FE-5233-4B24-A83E-2D22E397BDB7}.Release|x86.Deploy.0 = Release|x86
		{CB70BDAF-7310-4AF4-9468-47EAAFC36919}.Debug|Any CPU.ActiveCfg = Debug|Any CPU
		{CB70BDAF-7310-4AF4-9468-47EAAFC36919}.Debug|Any CPU.Build.0 = Debug|Any CPU
		{CB70BDAF-7310-4AF4-9468-47EAAFC36919}.Debug|ARM.ActiveCfg = Debug|ARM
		{CB70BDAF-7310-4AF4-9468-47EAAFC36919}.Debug|ARM.Build.0 = Debug|ARM
		{CB70BDAF-7310-4AF4-9468-47EAAFC36919}.Debug|Mixed Platforms.ActiveCfg = Debug|x86
		{CB70BDAF-7310-4AF4-9468-47EAAFC36919}.Debug|Mixed Platforms.Build.0 = Debug|x86
		{CB70BDAF-7310-4AF4-9468-47EAAFC36919}.Debug|Win32.ActiveCfg = Debug|x86
		{CB70BDAF-7310-4AF4-9468-47EAAFC36919}.Debug|Win32.Build.0 = Debug|x86
		{CB70BDAF-7310-4AF4-9468-47EAAFC36919}.Debug|x64.ActiveCfg = Debug|x64
		{CB70BDAF-7310-4AF4-9468-47EAAFC36919}.Debug|x64.Build.0 = Debug|x64
		{CB70BDAF-7310-4AF4-9468-47EAAFC36919}.Debug|x86.ActiveCfg = Debug|x86
		{CB70BDAF-7310-4AF4-9468-47EAAFC36919}.Debug|x86.Build.0 = Debug|x86
		{CB70BDAF-7310-4AF4-9468-47EAAFC36919}.Release|Any CPU.ActiveCfg = Release|Any CPU
		{CB70BDAF-7310-4AF4-9468-47EAAFC36919}.Release|Any CPU.Build.0 = Release|Any CPU
		{CB70BDAF-7310-4AF4-9468-47EAAFC36919}.Release|ARM.ActiveCfg = Release|ARM
		{CB70BDAF-7310-4AF4-9468-47EAAFC36919}.Release|ARM.Build.0 = Release|ARM
		{CB70BDAF-7310-4AF4-9468-47EAAFC36919}.Release|Mixed Platforms.ActiveCfg = Release|x86
		{CB70BDAF-7310-4AF4-9468-47EAAFC36919}.Release|Mixed Platforms.Build.0 = Release|x86
		{CB70BDAF-7310-4AF4-9468-47EAAFC36919}.Release|Win32.ActiveCfg = Release|x86
		{CB70BDAF-7310-4AF4-9468-47EAAFC36919}.Release|Win32.Build.0 = Release|x86
		{CB70BDAF-7310-4AF4-9468-47EAAFC36919}.Release|x64.ActiveCfg = Release|x64
		{CB70BDAF-7310-4AF4-9468-47EAAFC36919}.Release|x64.Build.0 = Release|x64
		{CB70BDAF-7310-4AF4-9468-47EAAFC36919}.Release|x86.ActiveCfg = Release|x86
		{CB70BDAF-7310-4AF4-9468-47EAAFC36919}.Release|x86.Build.0 = Release|x86
		{C9ABEC71-CF10-4FFC-B9B3-835F994753E8}.Debug|Any CPU.ActiveCfg = Debug|Any CPU
		{C9ABEC71-CF10-4FFC-B9B3-835F994753E8}.Debug|Any CPU.Build.0 = Debug|Any CPU
		{C9ABEC71-CF10-4FFC-B9B3-835F994753E8}.Debug|ARM.ActiveCfg = Debug|ARM
		{C9ABEC71-CF10-4FFC-B9B3-835F994753E8}.Debug|ARM.Build.0 = Debug|ARM
		{C9ABEC71-CF10-4FFC-B9B3-835F994753E8}.Debug|Mixed Platforms.ActiveCfg = Debug|x86
		{C9ABEC71-CF10-4FFC-B9B3-835F994753E8}.Debug|Mixed Platforms.Build.0 = Debug|x86
		{C9ABEC71-CF10-4FFC-B9B3-835F994753E8}.Debug|Win32.ActiveCfg = Debug|x86
		{C9ABEC71-CF10-4FFC-B9B3-835F994753E8}.Debug|Win32.Build.0 = Debug|x86
		{C9ABEC71-CF10-4FFC-B9B3-835F994753E8}.Debug|x64.ActiveCfg = Debug|Any CPU
		{C9ABEC71-CF10-4FFC-B9B3-835F994753E8}.Debug|x86.ActiveCfg = Debug|x86
		{C9ABEC71-CF10-4FFC-B9B3-835F994753E8}.Debug|x86.Build.0 = Debug|x86
		{C9ABEC71-CF10-4FFC-B9B3-835F994753E8}.Release|Any CPU.ActiveCfg = Release|Any CPU
		{C9ABEC71-CF10-4FFC-B9B3-835F994753E8}.Release|Any CPU.Build.0 = Release|Any CPU
		{C9ABEC71-CF10-4FFC-B9B3-835F994753E8}.Release|ARM.ActiveCfg = Release|ARM
		{C9ABEC71-CF10-4FFC-B9B3-835F994753E8}.Release|ARM.Build.0 = Release|ARM
		{C9ABEC71-CF10-4FFC-B9B3-835F994753E8}.Release|Mixed Platforms.ActiveCfg = Release|x86
		{C9ABEC71-CF10-4FFC-B9B3-835F994753E8}.Release|Mixed Platforms.Build.0 = Release|x86
		{C9ABEC71-CF10-4FFC-B9B3-835F994753E8}.Release|Win32.ActiveCfg = Release|x86
		{C9ABEC71-CF10-4FFC-B9B3-835F994753E8}.Release|Win32.Build.0 = Release|x86
		{C9ABEC71-CF10-4FFC-B9B3-835F994753E8}.Release|x64.ActiveCfg = Release|Any CPU
		{C9ABEC71-CF10-4FFC-B9B3-835F994753E8}.Release|x86.ActiveCfg = Release|x86
		{C9ABEC71-CF10-4FFC-B9B3-835F994753E8}.Release|x86.Build.0 = Release|x86
		{141F0D30-7788-4A47-A32C-D432B42B5CCB}.Debug|Any CPU.ActiveCfg = Debug|Any CPU
		{141F0D30-7788-4A47-A32C-D432B42B5CCB}.Debug|Any CPU.Build.0 = Debug|Any CPU
		{141F0D30-7788-4A47-A32C-D432B42B5CCB}.Debug|ARM.ActiveCfg = Debug|ARM
		{141F0D30-7788-4A47-A32C-D432B42B5CCB}.Debug|ARM.Build.0 = Debug|ARM
		{141F0D30-7788-4A47-A32C-D432B42B5CCB}.Debug|Mixed Platforms.ActiveCfg = Debug|x86
		{141F0D30-7788-4A47-A32C-D432B42B5CCB}.Debug|Mixed Platforms.Build.0 = Debug|x86
		{141F0D30-7788-4A47-A32C-D432B42B5CCB}.Debug|Win32.ActiveCfg = Debug|x86
		{141F0D30-7788-4A47-A32C-D432B42B5CCB}.Debug|Win32.Build.0 = Debug|x86
		{141F0D30-7788-4A47-A32C-D432B42B5CCB}.Debug|x64.ActiveCfg = Debug|x64
		{141F0D30-7788-4A47-A32C-D432B42B5CCB}.Debug|x64.Build.0 = Debug|x64
		{141F0D30-7788-4A47-A32C-D432B42B5CCB}.Debug|x86.ActiveCfg = Debug|x86
		{141F0D30-7788-4A47-A32C-D432B42B5CCB}.Debug|x86.Build.0 = Debug|x86
		{141F0D30-7788-4A47-A32C-D432B42B5CCB}.Release|Any CPU.ActiveCfg = Release|Any CPU
		{141F0D30-7788-4A47-A32C-D432B42B5CCB}.Release|Any CPU.Build.0 = Release|Any CPU
		{141F0D30-7788-4A47-A32C-D432B42B5CCB}.Release|ARM.ActiveCfg = Release|ARM
		{141F0D30-7788-4A47-A32C-D432B42B5CCB}.Release|ARM.Build.0 = Release|ARM
		{141F0D30-7788-4A47-A32C-D432B42B5CCB}.Release|Mixed Platforms.ActiveCfg = Release|x86
		{141F0D30-7788-4A47-A32C-D432B42B5CCB}.Release|Mixed Platforms.Build.0 = Release|x86
		{141F0D30-7788-4A47-A32C-D432B42B5CCB}.Release|Win32.ActiveCfg = Release|x86
		{141F0D30-7788-4A47-A32C-D432B42B5CCB}.Release|Win32.Build.0 = Release|x86
		{141F0D30-7788-4A47-A32C-D432B42B5CCB}.Release|x64.ActiveCfg = Release|x64
		{141F0D30-7788-4A47-A32C-D432B42B5CCB}.Release|x64.Build.0 = Release|x64
		{141F0D30-7788-4A47-A32C-D432B42B5CCB}.Release|x86.ActiveCfg = Release|x86
		{141F0D30-7788-4A47-A32C-D432B42B5CCB}.Release|x86.Build.0 = Release|x86
		{77B94F47-8D24-40D7-9113-BF052A0E9DEF}.Debug|Any CPU.ActiveCfg = Debug|Any CPU
		{77B94F47-8D24-40D7-9113-BF052A0E9DEF}.Debug|Any CPU.Build.0 = Debug|Any CPU
		{77B94F47-8D24-40D7-9113-BF052A0E9DEF}.Debug|ARM.ActiveCfg = Debug|ARM
		{77B94F47-8D24-40D7-9113-BF052A0E9DEF}.Debug|ARM.Build.0 = Debug|ARM
		{77B94F47-8D24-40D7-9113-BF052A0E9DEF}.Debug|Mixed Platforms.ActiveCfg = Debug|x86
		{77B94F47-8D24-40D7-9113-BF052A0E9DEF}.Debug|Mixed Platforms.Build.0 = Debug|x86
		{77B94F47-8D24-40D7-9113-BF052A0E9DEF}.Debug|Win32.ActiveCfg = Debug|x86
		{77B94F47-8D24-40D7-9113-BF052A0E9DEF}.Debug|Win32.Build.0 = Debug|x86
		{77B94F47-8D24-40D7-9113-BF052A0E9DEF}.Debug|x64.ActiveCfg = Debug|Any CPU
		{77B94F47-8D24-40D7-9113-BF052A0E9DEF}.Debug|x86.ActiveCfg = Debug|x86
		{77B94F47-8D24-40D7-9113-BF052A0E9DEF}.Debug|x86.Build.0 = Debug|x86
		{77B94F47-8D24-40D7-9113-BF052A0E9DEF}.Release|Any CPU.ActiveCfg = Release|Any CPU
		{77B94F47-8D24-40D7-9113-BF052A0E9DEF}.Release|Any CPU.Build.0 = Release|Any CPU
		{77B94F47-8D24-40D7-9113-BF052A0E9DEF}.Release|ARM.ActiveCfg = Release|ARM
		{77B94F47-8D24-40D7-9113-BF052A0E9DEF}.Release|ARM.Build.0 = Release|ARM
		{77B94F47-8D24-40D7-9113-BF052A0E9DEF}.Release|Mixed Platforms.ActiveCfg = Release|x86
		{77B94F47-8D24-40D7-9113-BF052A0E9DEF}.Release|Mixed Platforms.Build.0 = Release|x86
		{77B94F47-8D24-40D7-9113-BF052A0E9DEF}.Release|Win32.ActiveCfg = Release|x86
		{77B94F47-8D24-40D7-9113-BF052A0E9DEF}.Release|Win32.Build.0 = Release|x86
		{77B94F47-8D24-40D7-9113-BF052A0E9DEF}.Release|x64.ActiveCfg = Release|Any CPU
		{77B94F47-8D24-40D7-9113-BF052A0E9DEF}.Release|x86.ActiveCfg = Release|x86
		{77B94F47-8D24-40D7-9113-BF052A0E9DEF}.Release|x86.Build.0 = Release|x86
		{B5EA4B9D-3300-4023-8110-E085854398A7}.Debug|Any CPU.ActiveCfg = Debug|Any CPU
		{B5EA4B9D-3300-4023-8110-E085854398A7}.Debug|Any CPU.Build.0 = Debug|Any CPU
		{B5EA4B9D-3300-4023-8110-E085854398A7}.Debug|ARM.ActiveCfg = Debug|ARM
		{B5EA4B9D-3300-4023-8110-E085854398A7}.Debug|ARM.Build.0 = Debug|ARM
		{B5EA4B9D-3300-4023-8110-E085854398A7}.Debug|Mixed Platforms.ActiveCfg = Debug|x86
		{B5EA4B9D-3300-4023-8110-E085854398A7}.Debug|Mixed Platforms.Build.0 = Debug|x86
		{B5EA4B9D-3300-4023-8110-E085854398A7}.Debug|Win32.ActiveCfg = Debug|x86
		{B5EA4B9D-3300-4023-8110-E085854398A7}.Debug|Win32.Build.0 = Debug|x86
		{B5EA4B9D-3300-4023-8110-E085854398A7}.Debug|x64.ActiveCfg = Debug|x64
		{B5EA4B9D-3300-4023-8110-E085854398A7}.Debug|x64.Build.0 = Debug|x64
		{B5EA4B9D-3300-4023-8110-E085854398A7}.Debug|x86.ActiveCfg = Debug|x86
		{B5EA4B9D-3300-4023-8110-E085854398A7}.Debug|x86.Build.0 = Debug|x86
		{B5EA4B9D-3300-4023-8110-E085854398A7}.Release|Any CPU.ActiveCfg = Release|Any CPU
		{B5EA4B9D-3300-4023-8110-E085854398A7}.Release|Any CPU.Build.0 = Release|Any CPU
		{B5EA4B9D-3300-4023-8110-E085854398A7}.Release|ARM.ActiveCfg = Release|ARM
		{B5EA4B9D-3300-4023-8110-E085854398A7}.Release|ARM.Build.0 = Release|ARM
		{B5EA4B9D-3300-4023-8110-E085854398A7}.Release|Mixed Platforms.ActiveCfg = Release|x86
		{B5EA4B9D-3300-4023-8110-E085854398A7}.Release|Mixed Platforms.Build.0 = Release|x86
		{B5EA4B9D-3300-4023-8110-E085854398A7}.Release|Win32.ActiveCfg = Release|x86
		{B5EA4B9D-3300-4023-8110-E085854398A7}.Release|Win32.Build.0 = Release|x86
		{B5EA4B9D-3300-4023-8110-E085854398A7}.Release|x64.ActiveCfg = Release|x64
		{B5EA4B9D-3300-4023-8110-E085854398A7}.Release|x64.Build.0 = Release|x64
		{B5EA4B9D-3300-4023-8110-E085854398A7}.Release|x86.ActiveCfg = Release|x86
		{B5EA4B9D-3300-4023-8110-E085854398A7}.Release|x86.Build.0 = Release|x86
		{B7B93918-2BE1-46CE-B326-119305B51634}.Debug|Any CPU.ActiveCfg = Debug|Any CPU
		{B7B93918-2BE1-46CE-B326-119305B51634}.Debug|Any CPU.Build.0 = Debug|Any CPU
		{B7B93918-2BE1-46CE-B326-119305B51634}.Debug|ARM.ActiveCfg = Debug|ARM
		{B7B93918-2BE1-46CE-B326-119305B51634}.Debug|ARM.Build.0 = Debug|ARM
		{B7B93918-2BE1-46CE-B326-119305B51634}.Debug|Mixed Platforms.ActiveCfg = Debug|x86
		{B7B93918-2BE1-46CE-B326-119305B51634}.Debug|Mixed Platforms.Build.0 = Debug|x86
		{B7B93918-2BE1-46CE-B326-119305B51634}.Debug|Win32.ActiveCfg = Debug|x86
		{B7B93918-2BE1-46CE-B326-119305B51634}.Debug|Win32.Build.0 = Debug|x86
		{B7B93918-2BE1-46CE-B326-119305B51634}.Debug|x64.ActiveCfg = Debug|Any CPU
		{B7B93918-2BE1-46CE-B326-119305B51634}.Debug|x86.ActiveCfg = Debug|x86
		{B7B93918-2BE1-46CE-B326-119305B51634}.Debug|x86.Build.0 = Debug|x86
		{B7B93918-2BE1-46CE-B326-119305B51634}.Release|Any CPU.ActiveCfg = Release|Any CPU
		{B7B93918-2BE1-46CE-B326-119305B51634}.Release|Any CPU.Build.0 = Release|Any CPU
		{B7B93918-2BE1-46CE-B326-119305B51634}.Release|ARM.ActiveCfg = Release|ARM
		{B7B93918-2BE1-46CE-B326-119305B51634}.Release|ARM.Build.0 = Release|ARM
		{B7B93918-2BE1-46CE-B326-119305B51634}.Release|Mixed Platforms.ActiveCfg = Release|x86
		{B7B93918-2BE1-46CE-B326-119305B51634}.Release|Mixed Platforms.Build.0 = Release|x86
		{B7B93918-2BE1-46CE-B326-119305B51634}.Release|Win32.ActiveCfg = Release|x86
		{B7B93918-2BE1-46CE-B326-119305B51634}.Release|Win32.Build.0 = Release|x86
		{B7B93918-2BE1-46CE-B326-119305B51634}.Release|x64.ActiveCfg = Release|Any CPU
		{B7B93918-2BE1-46CE-B326-119305B51634}.Release|x86.ActiveCfg = Release|x86
		{B7B93918-2BE1-46CE-B326-119305B51634}.Release|x86.Build.0 = Release|x86
		{D0B66203-5B50-4942-A864-C7550C6F23F6}.Debug|Any CPU.ActiveCfg = Debug|Any CPU
		{D0B66203-5B50-4942-A864-C7550C6F23F6}.Debug|Any CPU.Build.0 = Debug|Any CPU
		{D0B66203-5B50-4942-A864-C7550C6F23F6}.Debug|ARM.ActiveCfg = Debug|ARM
		{D0B66203-5B50-4942-A864-C7550C6F23F6}.Debug|ARM.Build.0 = Debug|ARM
		{D0B66203-5B50-4942-A864-C7550C6F23F6}.Debug|Mixed Platforms.ActiveCfg = Debug|x86
		{D0B66203-5B50-4942-A864-C7550C6F23F6}.Debug|Mixed Platforms.Build.0 = Debug|x86
		{D0B66203-5B50-4942-A864-C7550C6F23F6}.Debug|Win32.ActiveCfg = Debug|x86
		{D0B66203-5B50-4942-A864-C7550C6F23F6}.Debug|Win32.Build.0 = Debug|x86
		{D0B66203-5B50-4942-A864-C7550C6F23F6}.Debug|x64.ActiveCfg = Debug|x64
		{D0B66203-5B50-4942-A864-C7550C6F23F6}.Debug|x64.Build.0 = Debug|x64
		{D0B66203-5B50-4942-A864-C7550C6F23F6}.Debug|x86.ActiveCfg = Debug|x86
		{D0B66203-5B50-4942-A864-C7550C6F23F6}.Debug|x86.Build.0 = Debug|x86
		{D0B66203-5B50-4942-A864-C7550C6F23F6}.Release|Any CPU.ActiveCfg = Release|Any CPU
		{D0B66203-5B50-4942-A864-C7550C6F23F6}.Release|Any CPU.Build.0 = Release|Any CPU
		{D0B66203-5B50-4942-A864-C7550C6F23F6}.Release|ARM.ActiveCfg = Release|ARM
		{D0B66203-5B50-4942-A864-C7550C6F23F6}.Release|ARM.Build.0 = Release|ARM
		{D0B66203-5B50-4942-A864-C7550C6F23F6}.Release|Mixed Platforms.ActiveCfg = Release|x86
		{D0B66203-5B50-4942-A864-C7550C6F23F6}.Release|Mixed Platforms.Build.0 = Release|x86
		{D0B66203-5B50-4942-A864-C7550C6F23F6}.Release|Win32.ActiveCfg = Release|x86
		{D0B66203-5B50-4942-A864-C7550C6F23F6}.Release|Win32.Build.0 = Release|x86
		{D0B66203-5B50-4942-A864-C7550C6F23F6}.Release|x64.ActiveCfg = Release|x64
		{D0B66203-5B50-4942-A864-C7550C6F23F6}.Release|x64.Build.0 = Release|x64
		{D0B66203-5B50-4942-A864-C7550C6F23F6}.Release|x86.ActiveCfg = Release|x86
		{D0B66203-5B50-4942-A864-C7550C6F23F6}.Release|x86.Build.0 = Release|x86
		{4A7C8C3F-19E3-47F2-9546-B5D849E9627A}.Debug|Any CPU.ActiveCfg = Debug|Any CPU
		{4A7C8C3F-19E3-47F2-9546-B5D849E9627A}.Debug|Any CPU.Build.0 = Debug|Any CPU
		{4A7C8C3F-19E3-47F2-9546-B5D849E9627A}.Debug|ARM.ActiveCfg = Debug|ARM
		{4A7C8C3F-19E3-47F2-9546-B5D849E9627A}.Debug|ARM.Build.0 = Debug|ARM
		{4A7C8C3F-19E3-47F2-9546-B5D849E9627A}.Debug|Mixed Platforms.ActiveCfg = Debug|x86
		{4A7C8C3F-19E3-47F2-9546-B5D849E9627A}.Debug|Mixed Platforms.Build.0 = Debug|x86
		{4A7C8C3F-19E3-47F2-9546-B5D849E9627A}.Debug|Win32.ActiveCfg = Debug|x86
		{4A7C8C3F-19E3-47F2-9546-B5D849E9627A}.Debug|Win32.Build.0 = Debug|x86
		{4A7C8C3F-19E3-47F2-9546-B5D849E9627A}.Debug|x64.ActiveCfg = Debug|Any CPU
		{4A7C8C3F-19E3-47F2-9546-B5D849E9627A}.Debug|x86.ActiveCfg = Debug|x86
		{4A7C8C3F-19E3-47F2-9546-B5D849E9627A}.Debug|x86.Build.0 = Debug|x86
		{4A7C8C3F-19E3-47F2-9546-B5D849E9627A}.Release|Any CPU.ActiveCfg = Release|Any CPU
		{4A7C8C3F-19E3-47F2-9546-B5D849E9627A}.Release|Any CPU.Build.0 = Release|Any CPU
		{4A7C8C3F-19E3-47F2-9546-B5D849E9627A}.Release|ARM.ActiveCfg = Release|ARM
		{4A7C8C3F-19E3-47F2-9546-B5D849E9627A}.Release|ARM.Build.0 = Release|ARM
		{4A7C8C3F-19E3-47F2-9546-B5D849E9627A}.Release|Mixed Platforms.ActiveCfg = Release|x86
		{4A7C8C3F-19E3-47F2-9546-B5D849E9627A}.Release|Mixed Platforms.Build.0 = Release|x86
		{4A7C8C3F-19E3-47F2-9546-B5D849E9627A}.Release|Win32.ActiveCfg = Release|x86
		{4A7C8C3F-19E3-47F2-9546-B5D849E9627A}.Release|Win32.Build.0 = Release|x86
		{4A7C8C3F-19E3-47F2-9546-B5D849E9627A}.Release|x64.ActiveCfg = Release|Any CPU
		{4A7C8C3F-19E3-47F2-9546-B5D849E9627A}.Release|x86.ActiveCfg = Release|x86
		{4A7C8C3F-19E3-47F2-9546-B5D849E9627A}.Release|x86.Build.0 = Release|x86
		{5E7EBD80-9AE9-4847-9D84-672023289B33}.Debug|Any CPU.ActiveCfg = Debug|Any CPU
		{5E7EBD80-9AE9-4847-9D84-672023289B33}.Debug|Any CPU.Build.0 = Debug|Any CPU
		{5E7EBD80-9AE9-4847-9D84-672023289B33}.Debug|ARM.ActiveCfg = Debug|ARM
		{5E7EBD80-9AE9-4847-9D84-672023289B33}.Debug|ARM.Build.0 = Debug|ARM
		{5E7EBD80-9AE9-4847-9D84-672023289B33}.Debug|Mixed Platforms.ActiveCfg = Debug|x86
		{5E7EBD80-9AE9-4847-9D84-672023289B33}.Debug|Mixed Platforms.Build.0 = Debug|x86
		{5E7EBD80-9AE9-4847-9D84-672023289B33}.Debug|Win32.ActiveCfg = Debug|x86
		{5E7EBD80-9AE9-4847-9D84-672023289B33}.Debug|Win32.Build.0 = Debug|x86
		{5E7EBD80-9AE9-4847-9D84-672023289B33}.Debug|x64.ActiveCfg = Debug|x64
		{5E7EBD80-9AE9-4847-9D84-672023289B33}.Debug|x64.Build.0 = Debug|x64
		{5E7EBD80-9AE9-4847-9D84-672023289B33}.Debug|x86.ActiveCfg = Debug|x86
		{5E7EBD80-9AE9-4847-9D84-672023289B33}.Debug|x86.Build.0 = Debug|x86
		{5E7EBD80-9AE9-4847-9D84-672023289B33}.Release|Any CPU.ActiveCfg = Release|Any CPU
		{5E7EBD80-9AE9-4847-9D84-672023289B33}.Release|Any CPU.Build.0 = Release|Any CPU
		{5E7EBD80-9AE9-4847-9D84-672023289B33}.Release|ARM.ActiveCfg = Release|ARM
		{5E7EBD80-9AE9-4847-9D84-672023289B33}.Release|ARM.Build.0 = Release|ARM
		{5E7EBD80-9AE9-4847-9D84-672023289B33}.Release|Mixed Platforms.ActiveCfg = Release|x86
		{5E7EBD80-9AE9-4847-9D84-672023289B33}.Release|Mixed Platforms.Build.0 = Release|x86
		{5E7EBD80-9AE9-4847-9D84-672023289B33}.Release|Win32.ActiveCfg = Release|x86
		{5E7EBD80-9AE9-4847-9D84-672023289B33}.Release|Win32.Build.0 = Release|x86
		{5E7EBD80-9AE9-4847-9D84-672023289B33}.Release|x64.ActiveCfg = Release|x64
		{5E7EBD80-9AE9-4847-9D84-672023289B33}.Release|x64.Build.0 = Release|x64
		{5E7EBD80-9AE9-4847-9D84-672023289B33}.Release|x86.ActiveCfg = Release|x86
		{5E7EBD80-9AE9-4847-9D84-672023289B33}.Release|x86.Build.0 = Release|x86
		{51BD9FF4-A974-4CAA-8474-56665CB2C3CE}.Debug|Any CPU.ActiveCfg = Debug|Win32
		{51BD9FF4-A974-4CAA-8474-56665CB2C3CE}.Debug|ARM.ActiveCfg = Debug|ARM
		{51BD9FF4-A974-4CAA-8474-56665CB2C3CE}.Debug|ARM.Build.0 = Debug|ARM
		{51BD9FF4-A974-4CAA-8474-56665CB2C3CE}.Debug|ARM.Deploy.0 = Debug|ARM
		{51BD9FF4-A974-4CAA-8474-56665CB2C3CE}.Debug|Mixed Platforms.ActiveCfg = Debug|Win32
		{51BD9FF4-A974-4CAA-8474-56665CB2C3CE}.Debug|Mixed Platforms.Build.0 = Debug|Win32
		{51BD9FF4-A974-4CAA-8474-56665CB2C3CE}.Debug|Mixed Platforms.Deploy.0 = Debug|Win32
		{51BD9FF4-A974-4CAA-8474-56665CB2C3CE}.Debug|Win32.ActiveCfg = Debug|Win32
		{51BD9FF4-A974-4CAA-8474-56665CB2C3CE}.Debug|Win32.Build.0 = Debug|Win32
		{51BD9FF4-A974-4CAA-8474-56665CB2C3CE}.Debug|Win32.Deploy.0 = Debug|Win32
		{51BD9FF4-A974-4CAA-8474-56665CB2C3CE}.Debug|x64.ActiveCfg = Debug|x64
		{51BD9FF4-A974-4CAA-8474-56665CB2C3CE}.Debug|x64.Build.0 = Debug|x64
		{51BD9FF4-A974-4CAA-8474-56665CB2C3CE}.Debug|x64.Deploy.0 = Debug|x64
		{51BD9FF4-A974-4CAA-8474-56665CB2C3CE}.Debug|x86.ActiveCfg = Debug|Win32
		{51BD9FF4-A974-4CAA-8474-56665CB2C3CE}.Debug|x86.Build.0 = Debug|Win32
		{51BD9FF4-A974-4CAA-8474-56665CB2C3CE}.Debug|x86.Deploy.0 = Debug|Win32
		{51BD9FF4-A974-4CAA-8474-56665CB2C3CE}.Release|Any CPU.ActiveCfg = Release|Win32
		{51BD9FF4-A974-4CAA-8474-56665CB2C3CE}.Release|ARM.ActiveCfg = Release|ARM
		{51BD9FF4-A974-4CAA-8474-56665CB2C3CE}.Release|ARM.Build.0 = Release|ARM
		{51BD9FF4-A974-4CAA-8474-56665CB2C3CE}.Release|ARM.Deploy.0 = Release|ARM
		{51BD9FF4-A974-4CAA-8474-56665CB2C3CE}.Release|Mixed Platforms.ActiveCfg = Release|Win32
		{51BD9FF4-A974-4CAA-8474-56665CB2C3CE}.Release|Mixed Platforms.Build.0 = Release|Win32
		{51BD9FF4-A974-4CAA-8474-56665CB2C3CE}.Release|Mixed Platforms.Deploy.0 = Release|Win32
		{51BD9FF4-A974-4CAA-8474-56665CB2C3CE}.Release|Win32.ActiveCfg = Release|Win32
		{51BD9FF4-A974-4CAA-8474-56665CB2C3CE}.Release|Win32.Build.0 = Release|Win32
		{51BD9FF4-A974-4CAA-8474-56665CB2C3CE}.Release|Win32.Deploy.0 = Release|Win32
		{51BD9FF4-A974-4CAA-8474-56665CB2C3CE}.Release|x64.ActiveCfg = Release|x64
		{51BD9FF4-A974-4CAA-8474-56665CB2C3CE}.Release|x64.Build.0 = Release|x64
		{51BD9FF4-A974-4CAA-8474-56665CB2C3CE}.Release|x64.Deploy.0 = Release|x64
		{51BD9FF4-A974-4CAA-8474-56665CB2C3CE}.Release|x86.ActiveCfg = Release|Win32
		{51BD9FF4-A974-4CAA-8474-56665CB2C3CE}.Release|x86.Build.0 = Release|Win32
		{51BD9FF4-A974-4CAA-8474-56665CB2C3CE}.Release|x86.Deploy.0 = Release|Win32
	EndGlobalSection
	GlobalSection(SolutionProperties) = preSolution
		HideSolutionNode = FALSE
	EndGlobalSection
	GlobalSection(NestedProjects) = preSolution
		{68DB31FE-BD80-4C12-82BA-0C04F0539595} = {70BD34AC-886D-426A-8636-A55DF9677CFB}
		{952BD2B0-E12A-4BFC-BCE7-F4EE9F7461B6} = {FD6E380E-F40C-4EE6-BAC1-499CF97C7CBA}
		{1AF78321-7D45-487B-BCFB-CE6B92389EB2} = {FD6E380E-F40C-4EE6-BAC1-499CF97C7CBA}
		{7B7966BE-213F-4B84-867D-2A0CCF61245F} = {FD6E380E-F40C-4EE6-BAC1-499CF97C7CBA}
		{C8B0D4A2-3FA3-4EC8-8068-EB01863A16A6} = {318DC32E-645E-4F27-8C09-33CB5F826855}
		{8F86D973-25D3-4104-A9E0-2B75D043A02F} = {318DC32E-645E-4F27-8C09-33CB5F826855}
		{0611D4FE-5233-4B24-A83E-2D22E397BDB7} = {318DC32E-645E-4F27-8C09-33CB5F826855}
		{51D34975-089B-460C-833C-6DBF516569D9} = {83ECC669-1DF7-4A8A-B93E-C47F386A7ACB}
		{CB70BDAF-7310-4AF4-9468-47EAAFC36919} = {83ECC669-1DF7-4A8A-B93E-C47F386A7ACB}
		{C9ABEC71-CF10-4FFC-B9B3-835F994753E8} = {83ECC669-1DF7-4A8A-B93E-C47F386A7ACB}
		{74EFD27D-416C-498D-8BC2-C6E2322F630A} = {3649F9B2-2576-404E-BE7E-7209EE78CAB2}
		{141F0D30-7788-4A47-A32C-D432B42B5CCB} = {3649F9B2-2576-404E-BE7E-7209EE78CAB2}
		{77B94F47-8D24-40D7-9113-BF052A0E9DEF} = {3649F9B2-2576-404E-BE7E-7209EE78CAB2}
		{B5EA4B9D-3300-4023-8110-E085854398A7} = {37273C87-D07B-4959-B39B-817355264FA8}
		{B7B93918-2BE1-46CE-B326-119305B51634} = {37273C87-D07B-4959-B39B-817355264FA8}
		{04FC0302-9131-4985-B62E-9AD62C2255B7} = {37273C87-D07B-4959-B39B-817355264FA8}
		{D0B66203-5B50-4942-A864-C7550C6F23F6} = {14A7FAE9-3C36-4CB4-8F70-E1789B44BE9F}
		{4A7C8C3F-19E3-47F2-9546-B5D849E9627A} = {14A7FAE9-3C36-4CB4-8F70-E1789B44BE9F}
		{4F4D9541-0951-48F6-BD39-04156EF6F9FD} = {14A7FAE9-3C36-4CB4-8F70-E1789B44BE9F}
		{5E7EBD80-9AE9-4847-9D84-672023289B33} = {37273C87-D07B-4959-B39B-817355264FA8}
	EndGlobalSection
EndGlobal
